// !$*UTF8*$!
{
	archiveVersion = 1;
	classes = {
	};
	objectVersion = 45;
	objects = {

/* Begin PBXBuildFile section */
		51E43C0010BF32700047918E /* refreshservices.m in Sources */ = {isa = PBXBuildFile; fileRef = 51E43BFD10BF32660047918E /* refreshservices.m */; };
		51EF471010B9CE8000B961AB /* Babelfish.m in Sources */ = {isa = PBXBuildFile; fileRef = 08FB7796FE84155DC02AAC07 /* Babelfish.m */; };
		51EF471110B9CE8000B961AB /* BabelfishService.m in Sources */ = {isa = PBXBuildFile; fileRef = 51EF46BE10B9CB1900B961AB /* BabelfishService.m */; };
		51EF471210B9CE8000B961AB /* NSObject+SBJSON.m in Sources */ = {isa = PBXBuildFile; fileRef = 51EF46C210B9CB1900B961AB /* NSObject+SBJSON.m */; };
		51EF471310B9CE8000B961AB /* NSString+SBJSON.m in Sources */ = {isa = PBXBuildFile; fileRef = 51EF46C410B9CB1900B961AB /* NSString+SBJSON.m */; };
		51EF471410B9CE8000B961AB /* SBJSON.m in Sources */ = {isa = PBXBuildFile; fileRef = 51EF46C610B9CB1900B961AB /* SBJSON.m */; };
		51EF471510B9CE8000B961AB /* SBJsonBase.m in Sources */ = {isa = PBXBuildFile; fileRef = 51EF46C810B9CB1900B961AB /* SBJsonBase.m */; };
		51EF471610B9CE8000B961AB /* SBJsonParser.m in Sources */ = {isa = PBXBuildFile; fileRef = 51EF46CA10B9CB1900B961AB /* SBJsonParser.m */; };
		51EF471710B9CE8000B961AB /* SBJsonWriter.m in Sources */ = {isa = PBXBuildFile; fileRef = 51EF46CC10B9CB1900B961AB /* SBJsonWriter.m */; };
		51EF471810B9CE8000B961AB /* GoogleTranslator.m in Sources */ = {isa = PBXBuildFile; fileRef = 51EF46CF10B9CB1900B961AB /* GoogleTranslator.m */; };
		51EF47A210B9CED900B961AB /* Cocoa.framework in Frameworks */ = {isa = PBXBuildFile; fileRef = 51EF46E110B9CDD200B961AB /* Cocoa.framework */; };
		51EF47A310B9CED900B961AB /* Foundation.framework in Frameworks */ = {isa = PBXBuildFile; fileRef = 08FB779EFE84155DC02AAC07 /* Foundation.framework */; };
		51EF47EA10B9DD6600B961AB /* Babelfish.icns in Resources */ = {isa = PBXBuildFile; fileRef = 51EF47E910B9DD6600B961AB /* Babelfish.icns */; };
		51EF480B10B9DEF200B961AB /* Babelfish.m in Sources */ = {isa = PBXBuildFile; fileRef = 08FB7796FE84155DC02AAC07 /* Babelfish.m */; };
		51EF480C10B9DEF200B961AB /* BabelfishService.m in Sources */ = {isa = PBXBuildFile; fileRef = 51EF46BE10B9CB1900B961AB /* BabelfishService.m */; };
		51EF480D10B9DEF200B961AB /* NSObject+SBJSON.m in Sources */ = {isa = PBXBuildFile; fileRef = 51EF46C210B9CB1900B961AB /* NSObject+SBJSON.m */; };
		51EF480E10B9DEF200B961AB /* NSString+SBJSON.m in Sources */ = {isa = PBXBuildFile; fileRef = 51EF46C410B9CB1900B961AB /* NSString+SBJSON.m */; };
		51EF480F10B9DEF200B961AB /* SBJSON.m in Sources */ = {isa = PBXBuildFile; fileRef = 51EF46C610B9CB1900B961AB /* SBJSON.m */; };
		51EF481010B9DEF200B961AB /* SBJsonBase.m in Sources */ = {isa = PBXBuildFile; fileRef = 51EF46C810B9CB1900B961AB /* SBJsonBase.m */; };
		51EF481110B9DEF200B961AB /* SBJsonParser.m in Sources */ = {isa = PBXBuildFile; fileRef = 51EF46CA10B9CB1900B961AB /* SBJsonParser.m */; };
		51EF481210B9DEF200B961AB /* SBJsonWriter.m in Sources */ = {isa = PBXBuildFile; fileRef = 51EF46CC10B9CB1900B961AB /* SBJsonWriter.m */; };
		51EF481310B9DEF200B961AB /* GoogleTranslator.m in Sources */ = {isa = PBXBuildFile; fileRef = 51EF46CF10B9CB1900B961AB /* GoogleTranslator.m */; };
		51EF481410B9DEFA00B961AB /* Cocoa.framework in Frameworks */ = {isa = PBXBuildFile; fileRef = 51EF46E110B9CDD200B961AB /* Cocoa.framework */; };
		51EF481510B9DEFA00B961AB /* Foundation.framework in Frameworks */ = {isa = PBXBuildFile; fileRef = 08FB779EFE84155DC02AAC07 /* Foundation.framework */; };
		51EF482610B9DF9400B961AB /* GoogleTranslatorTest.m in Sources */ = {isa = PBXBuildFile; fileRef = 51EF482510B9DF9400B961AB /* GoogleTranslatorTest.m */; };
/* End PBXBuildFile section */

/* Begin PBXFileReference section */
		08FB7796FE84155DC02AAC07 /* Babelfish.m */ = {isa = PBXFileReference; fileEncoding = 4; lastKnownFileType = sourcecode.c.objc; path = Babelfish.m; sourceTree = "<group>"; };
		08FB779EFE84155DC02AAC07 /* Foundation.framework */ = {isa = PBXFileReference; lastKnownFileType = wrapper.framework; name = Foundation.framework; path = /System/Library/Frameworks/Foundation.framework; sourceTree = "<absolute>"; };
		32A70AAB03705E1F00C91783 /* Babelfish_Prefix.pch */ = {isa = PBXFileReference; fileEncoding = 4; lastKnownFileType = sourcecode.c.h; path = Babelfish_Prefix.pch; sourceTree = "<group>"; };
		51E43BF810BF324B0047918E /* refreshservices */ = {isa = PBXFileReference; explicitFileType = "compiled.mach-o.executable"; includeInIndex = 0; name = refreshservices; path = build/Debug/refreshservices; sourceTree = "<group>"; };
		51E43BFD10BF32660047918E /* refreshservices.m */ = {isa = PBXFileReference; fileEncoding = 4; lastKnownFileType = sourcecode.c.objc; path = refreshservices.m; sourceTree = "<group>"; };
		51EF46BD10B9CB1900B961AB /* BabelfishService.h */ = {isa = PBXFileReference; fileEncoding = 4; lastKnownFileType = sourcecode.c.h; path = BabelfishService.h; sourceTree = "<group>"; };
		51EF46BE10B9CB1900B961AB /* BabelfishService.m */ = {isa = PBXFileReference; fileEncoding = 4; lastKnownFileType = sourcecode.c.objc; path = BabelfishService.m; sourceTree = "<group>"; };
		51EF46C010B9CB1900B961AB /* JSON.h */ = {isa = PBXFileReference; fileEncoding = 4; lastKnownFileType = sourcecode.c.h; path = JSON.h; sourceTree = "<group>"; };
		51EF46C110B9CB1900B961AB /* NSObject+SBJSON.h */ = {isa = PBXFileReference; fileEncoding = 4; lastKnownFileType = sourcecode.c.h; path = "NSObject+SBJSON.h"; sourceTree = "<group>"; };
		51EF46C210B9CB1900B961AB /* NSObject+SBJSON.m */ = {isa = PBXFileReference; fileEncoding = 4; lastKnownFileType = sourcecode.c.objc; path = "NSObject+SBJSON.m"; sourceTree = "<group>"; };
		51EF46C310B9CB1900B961AB /* NSString+SBJSON.h */ = {isa = PBXFileReference; fileEncoding = 4; lastKnownFileType = sourcecode.c.h; path = "NSString+SBJSON.h"; sourceTree = "<group>"; };
		51EF46C410B9CB1900B961AB /* NSString+SBJSON.m */ = {isa = PBXFileReference; fileEncoding = 4; lastKnownFileType = sourcecode.c.objc; path = "NSString+SBJSON.m"; sourceTree = "<group>"; };
		51EF46C510B9CB1900B961AB /* SBJSON.h */ = {isa = PBXFileReference; fileEncoding = 4; lastKnownFileType = sourcecode.c.h; path = SBJSON.h; sourceTree = "<group>"; };
		51EF46C610B9CB1900B961AB /* SBJSON.m */ = {isa = PBXFileReference; fileEncoding = 4; lastKnownFileType = sourcecode.c.objc; path = SBJSON.m; sourceTree = "<group>"; };
		51EF46C710B9CB1900B961AB /* SBJsonBase.h */ = {isa = PBXFileReference; fileEncoding = 4; lastKnownFileType = sourcecode.c.h; path = SBJsonBase.h; sourceTree = "<group>"; };
		51EF46C810B9CB1900B961AB /* SBJsonBase.m */ = {isa = PBXFileReference; fileEncoding = 4; lastKnownFileType = sourcecode.c.objc; path = SBJsonBase.m; sourceTree = "<group>"; };
		51EF46C910B9CB1900B961AB /* SBJsonParser.h */ = {isa = PBXFileReference; fileEncoding = 4; lastKnownFileType = sourcecode.c.h; path = SBJsonParser.h; sourceTree = "<group>"; };
		51EF46CA10B9CB1900B961AB /* SBJsonParser.m */ = {isa = PBXFileReference; fileEncoding = 4; lastKnownFileType = sourcecode.c.objc; path = SBJsonParser.m; sourceTree = "<group>"; };
		51EF46CB10B9CB1900B961AB /* SBJsonWriter.h */ = {isa = PBXFileReference; fileEncoding = 4; lastKnownFileType = sourcecode.c.h; path = SBJsonWriter.h; sourceTree = "<group>"; };
		51EF46CC10B9CB1900B961AB /* SBJsonWriter.m */ = {isa = PBXFileReference; fileEncoding = 4; lastKnownFileType = sourcecode.c.objc; path = SBJsonWriter.m; sourceTree = "<group>"; };
		51EF46CD10B9CB1900B961AB /* test.m */ = {isa = PBXFileReference; fileEncoding = 4; lastKnownFileType = sourcecode.c.objc; path = test.m; sourceTree = "<group>"; };
		51EF46CE10B9CB1900B961AB /* GoogleTranslator.h */ = {isa = PBXFileReference; fileEncoding = 4; lastKnownFileType = sourcecode.c.h; path = GoogleTranslator.h; sourceTree = "<group>"; };
		51EF46CF10B9CB1900B961AB /* GoogleTranslator.m */ = {isa = PBXFileReference; fileEncoding = 4; lastKnownFileType = sourcecode.c.objc; path = GoogleTranslator.m; sourceTree = "<group>"; };
		51EF46E110B9CDD200B961AB /* Cocoa.framework */ = {isa = PBXFileReference; lastKnownFileType = wrapper.framework; name = Cocoa.framework; path = /System/Library/Frameworks/Cocoa.framework; sourceTree = "<absolute>"; };
		51EF46EA10B9CE0300B961AB /* Babelfish.service */ = {isa = PBXFileReference; explicitFileType = wrapper.cfbundle; includeInIndex = 0; path = Babelfish.service; sourceTree = BUILT_PRODUCTS_DIR; };
		51EF46EB10B9CE0300B961AB /* Babelfish-Info.plist */ = {isa = PBXFileReference; lastKnownFileType = text.plist.xml; path = "Babelfish-Info.plist"; sourceTree = "<group>"; };
		51EF47E910B9DD6600B961AB /* Babelfish.icns */ = {isa = PBXFileReference; lastKnownFileType = image.icns; path = Babelfish.icns; sourceTree = "<group>"; };
		51EF480610B9DEDC00B961AB /* BabelfishService-Test.octest */ = {isa = PBXFileReference; explicitFileType = wrapper.cfbundle; includeInIndex = 0; path = "BabelfishService-Test.octest"; sourceTree = BUILT_PRODUCTS_DIR; };
		51EF480710B9DEDC00B961AB /* Babelfish-Test-Info.plist */ = {isa = PBXFileReference; lastKnownFileType = text.plist.xml; path = "Babelfish-Test-Info.plist"; sourceTree = "<group>"; };
		51EF482410B9DF9400B961AB /* GoogleTranslatorTest.h */ = {isa = PBXFileReference; fileEncoding = 4; lastKnownFileType = sourcecode.c.h; path = GoogleTranslatorTest.h; sourceTree = "<group>"; };
		51EF482510B9DF9400B961AB /* GoogleTranslatorTest.m */ = {isa = PBXFileReference; fileEncoding = 4; lastKnownFileType = sourcecode.c.objc; path = GoogleTranslatorTest.m; sourceTree = "<group>"; };
		51EF492110BF192D00B961AB /* Translator.h */ = {isa = PBXFileReference; fileEncoding = 4; lastKnownFileType = sourcecode.c.h; path = Translator.h; sourceTree = "<group>"; };
		C6859EA3029092ED04C91782 /* Babelfish.1 */ = {isa = PBXFileReference; lastKnownFileType = text.man; path = Babelfish.1; sourceTree = "<group>"; };
/* End PBXFileReference section */

/* Begin PBXFrameworksBuildPhase section */
		51E43BF610BF324B0047918E /* Frameworks */ = {
			isa = PBXFrameworksBuildPhase;
			buildActionMask = 2147483647;
			files = (
			);
			runOnlyForDeploymentPostprocessing = 0;
		};
		51EF46E810B9CE0300B961AB /* Frameworks */ = {
			isa = PBXFrameworksBuildPhase;
			buildActionMask = 2147483647;
			files = (
				51EF47A210B9CED900B961AB /* Cocoa.framework in Frameworks */,
				51EF47A310B9CED900B961AB /* Foundation.framework in Frameworks */,
			);
			runOnlyForDeploymentPostprocessing = 0;
		};
		51EF480310B9DEDC00B961AB /* Frameworks */ = {
			isa = PBXFrameworksBuildPhase;
			buildActionMask = 2147483647;
			files = (
				51EF481410B9DEFA00B961AB /* Cocoa.framework in Frameworks */,
				51EF481510B9DEFA00B961AB /* Foundation.framework in Frameworks */,
			);
			runOnlyForDeploymentPostprocessing = 0;
		};
/* End PBXFrameworksBuildPhase section */

/* Begin PBXGroup section */
		08FB7794FE84155DC02AAC07 /* Babelfish */ = {
			isa = PBXGroup;
			children = (
				51EF482310B9DF7100B961AB /* Unit Tests */,
				08FB7795FE84155DC02AAC07 /* Source */,
				C6859EA2029092E104C91782 /* Documentation */,
				08FB779DFE84155DC02AAC07 /* External Frameworks and Libraries */,
				1AB674ADFE9D54B511CA2CBB /* Products */,
				51EF46EB10B9CE0300B961AB /* Babelfish-Info.plist */,
				51EF47E910B9DD6600B961AB /* Babelfish.icns */,
				51EF480710B9DEDC00B961AB /* Babelfish-Test-Info.plist */,
				51E43BFD10BF32660047918E /* refreshservices.m */,
			);
			name = Babelfish;
			sourceTree = "<group>";
		};
		08FB7795FE84155DC02AAC07 /* Source */ = {
			isa = PBXGroup;
			children = (
				51EF46BD10B9CB1900B961AB /* BabelfishService.h */,
				51EF46BE10B9CB1900B961AB /* BabelfishService.m */,
				51EF46BF10B9CB1900B961AB /* JSON */,
				51EF46CD10B9CB1900B961AB /* test.m */,
				51EF46CE10B9CB1900B961AB /* GoogleTranslator.h */,
				51EF46CF10B9CB1900B961AB /* GoogleTranslator.m */,
				32A70AAB03705E1F00C91783 /* Babelfish_Prefix.pch */,
				08FB7796FE84155DC02AAC07 /* Babelfish.m */,
				51EF492110BF192D00B961AB /* Translator.h */,
			);
			name = Source;
			sourceTree = "<group>";
		};
		08FB779DFE84155DC02AAC07 /* External Frameworks and Libraries */ = {
			isa = PBXGroup;
			children = (
				51EF46E110B9CDD200B961AB /* Cocoa.framework */,
				08FB779EFE84155DC02AAC07 /* Foundation.framework */,
			);
			name = "External Frameworks and Libraries";
			sourceTree = "<group>";
		};
		1AB674ADFE9D54B511CA2CBB /* Products */ = {
			isa = PBXGroup;
			children = (
				51EF46EA10B9CE0300B961AB /* Babelfish.service */,
				51EF480610B9DEDC00B961AB /* BabelfishService-Test.octest */,
				51E43BF810BF324B0047918E /* refreshservices */,
			);
			name = Products;
			sourceTree = "<group>";
		};
		51EF46BF10B9CB1900B961AB /* JSON */ = {
			isa = PBXGroup;
			children = (
				51EF46C010B9CB1900B961AB /* JSON.h */,
				51EF46C110B9CB1900B961AB /* NSObject+SBJSON.h */,
				51EF46C210B9CB1900B961AB /* NSObject+SBJSON.m */,
				51EF46C310B9CB1900B961AB /* NSString+SBJSON.h */,
				51EF46C410B9CB1900B961AB /* NSString+SBJSON.m */,
				51EF46C510B9CB1900B961AB /* SBJSON.h */,
				51EF46C610B9CB1900B961AB /* SBJSON.m */,
				51EF46C710B9CB1900B961AB /* SBJsonBase.h */,
				51EF46C810B9CB1900B961AB /* SBJsonBase.m */,
				51EF46C910B9CB1900B961AB /* SBJsonParser.h */,
				51EF46CA10B9CB1900B961AB /* SBJsonParser.m */,
				51EF46CB10B9CB1900B961AB /* SBJsonWriter.h */,
				51EF46CC10B9CB1900B961AB /* SBJsonWriter.m */,
			);
			path = JSON;
			sourceTree = "<group>";
		};
		51EF482310B9DF7100B961AB /* Unit Tests */ = {
			isa = PBXGroup;
			children = (
				51EF482410B9DF9400B961AB /* GoogleTranslatorTest.h */,
				51EF482510B9DF9400B961AB /* GoogleTranslatorTest.m */,
			);
			name = "Unit Tests";
			sourceTree = "<group>";
		};
		C6859EA2029092E104C91782 /* Documentation */ = {
			isa = PBXGroup;
			children = (
				C6859EA3029092ED04C91782 /* Babelfish.1 */,
			);
			name = Documentation;
			sourceTree = "<group>";
		};
/* End PBXGroup section */

/* Begin PBXNativeTarget section */
		51E43BF710BF324B0047918E /* refreshservices */ = {
			isa = PBXNativeTarget;
			buildConfigurationList = 51E43BFF10BF32670047918E /* Build configuration list for PBXNativeTarget "refreshservices" */;
			buildPhases = (
				51E43BF510BF324B0047918E /* Sources */,
				51E43BF610BF324B0047918E /* Frameworks */,
			);
			buildRules = (
			);
			dependencies = (
			);
			name = refreshservices;
			productName = refreshservices;
			productReference = 51E43BF810BF324B0047918E /* refreshservices */;
			productType = "com.apple.product-type.tool";
		};
		51EF46E910B9CE0300B961AB /* Babelfish-Service */ = {
			isa = PBXNativeTarget;
			buildConfigurationList = 51EF46EE10B9CE0300B961AB /* Build configuration list for PBXNativeTarget "Babelfish-Service" */;
			buildPhases = (
				51EF46E610B9CE0300B961AB /* Resources */,
				51EF46E710B9CE0300B961AB /* Sources */,
				51EF46E810B9CE0300B961AB /* Frameworks */,
			);
			buildRules = (
			);
			dependencies = (
			);
			name = "Babelfish-Service";
			productName = BabelfishService;
			productReference = 51EF46EA10B9CE0300B961AB /* Babelfish.service */;
			productType = "com.apple.product-type.bundle";
		};
		51EF480510B9DEDC00B961AB /* Babelfish-Test */ = {
			isa = PBXNativeTarget;
			buildConfigurationList = 51EF480A10B9DEDD00B961AB /* Build configuration list for PBXNativeTarget "Babelfish-Test" */;
			buildPhases = (
				51EF480110B9DEDC00B961AB /* Resources */,
				51EF480210B9DEDC00B961AB /* Sources */,
				51EF480310B9DEDC00B961AB /* Frameworks */,
				51EF480410B9DEDC00B961AB /* ShellScript */,
			);
			buildRules = (
			);
			dependencies = (
			);
			name = "Babelfish-Test";
			productName = "BabelfishService-Test";
			productReference = 51EF480610B9DEDC00B961AB /* BabelfishService-Test.octest */;
			productType = "com.apple.product-type.bundle";
		};
/* End PBXNativeTarget section */

/* Begin PBXProject section */
		08FB7793FE84155DC02AAC07 /* Project object */ = {
			isa = PBXProject;
			buildConfigurationList = 1DEB927808733DD40010E9CD /* Build configuration list for PBXProject "Babelfish" */;
			compatibilityVersion = "Xcode 3.1";
			hasScannedForEncodings = 1;
			mainGroup = 08FB7794FE84155DC02AAC07 /* Babelfish */;
			projectDirPath = "";
			projectRoot = ..;
			targets = (
				51EF46E910B9CE0300B961AB /* Babelfish-Service */,
				51EF480510B9DEDC00B961AB /* Babelfish-Test */,
				51E43BF710BF324B0047918E /* refreshservices */,
			);
		};
/* End PBXProject section */

/* Begin PBXResourcesBuildPhase section */
		51EF46E610B9CE0300B961AB /* Resources */ = {
			isa = PBXResourcesBuildPhase;
			buildActionMask = 2147483647;
			files = (
				51EF47EA10B9DD6600B961AB /* Babelfish.icns in Resources */,
			);
			runOnlyForDeploymentPostprocessing = 0;
		};
		51EF480110B9DEDC00B961AB /* Resources */ = {
			isa = PBXResourcesBuildPhase;
			buildActionMask = 2147483647;
			files = (
			);
			runOnlyForDeploymentPostprocessing = 0;
		};
/* End PBXResourcesBuildPhase section */

/* Begin PBXShellScriptBuildPhase section */
		51EF480410B9DEDC00B961AB /* ShellScript */ = {
			isa = PBXShellScriptBuildPhase;
			buildActionMask = 2147483647;
			files = (
			);
			inputPaths = (
			);
			outputPaths = (
			);
			runOnlyForDeploymentPostprocessing = 0;
			shellPath = /bin/sh;
			shellScript = "# Run the unit tests in this test bundle.\n\"${SYSTEM_DEVELOPER_DIR}/Tools/RunUnitTests\"\n";
		};
/* End PBXShellScriptBuildPhase section */

/* Begin PBXSourcesBuildPhase section */
		51E43BF510BF324B0047918E /* Sources */ = {
			isa = PBXSourcesBuildPhase;
			buildActionMask = 2147483647;
			files = (
				51E43C0010BF32700047918E /* refreshservices.m in Sources */,
			);
			runOnlyForDeploymentPostprocessing = 0;
		};
		51EF46E710B9CE0300B961AB /* Sources */ = {
			isa = PBXSourcesBuildPhase;
			buildActionMask = 2147483647;
			files = (
				51EF471010B9CE8000B961AB /* Babelfish.m in Sources */,
				51EF471110B9CE8000B961AB /* BabelfishService.m in Sources */,
				51EF471210B9CE8000B961AB /* NSObject+SBJSON.m in Sources */,
				51EF471310B9CE8000B961AB /* NSString+SBJSON.m in Sources */,
				51EF471410B9CE8000B961AB /* SBJSON.m in Sources */,
				51EF471510B9CE8000B961AB /* SBJsonBase.m in Sources */,
				51EF471610B9CE8000B961AB /* SBJsonParser.m in Sources */,
				51EF471710B9CE8000B961AB /* SBJsonWriter.m in Sources */,
				51EF471810B9CE8000B961AB /* GoogleTranslator.m in Sources */,
			);
			runOnlyForDeploymentPostprocessing = 0;
		};
		51EF480210B9DEDC00B961AB /* Sources */ = {
			isa = PBXSourcesBuildPhase;
			buildActionMask = 2147483647;
			files = (
				51EF480B10B9DEF200B961AB /* Babelfish.m in Sources */,
				51EF480C10B9DEF200B961AB /* BabelfishService.m in Sources */,
				51EF480D10B9DEF200B961AB /* NSObject+SBJSON.m in Sources */,
				51EF480E10B9DEF200B961AB /* NSString+SBJSON.m in Sources */,
				51EF480F10B9DEF200B961AB /* SBJSON.m in Sources */,
				51EF481010B9DEF200B961AB /* SBJsonBase.m in Sources */,
				51EF481110B9DEF200B961AB /* SBJsonParser.m in Sources */,
				51EF481210B9DEF200B961AB /* SBJsonWriter.m in Sources */,
				51EF481310B9DEF200B961AB /* GoogleTranslator.m in Sources */,
				51EF482610B9DF9400B961AB /* GoogleTranslatorTest.m in Sources */,
			);
			runOnlyForDeploymentPostprocessing = 0;
		};
/* End PBXSourcesBuildPhase section */

/* Begin XCBuildConfiguration section */
		1DEB927908733DD40010E9CD /* Debug */ = {
			isa = XCBuildConfiguration;
			buildSettings = {
				ARCHS = "$(ARCHS_STANDARD_32_BIT)";
				GCC_C_LANGUAGE_STANDARD = c99;
				GCC_OPTIMIZATION_LEVEL = 0;
				GCC_WARN_ABOUT_RETURN_TYPE = YES;
				GCC_WARN_UNUSED_VARIABLE = YES;
				ONLY_ACTIVE_ARCH = YES;
				PREBINDING = NO;
				SDKROOT = macosx10.5;
			};
			name = Debug;
		};
		1DEB927A08733DD40010E9CD /* Release */ = {
			isa = XCBuildConfiguration;
			buildSettings = {
				ARCHS = "$(ARCHS_STANDARD_32_BIT)";
				GCC_C_LANGUAGE_STANDARD = c99;
				GCC_WARN_ABOUT_RETURN_TYPE = YES;
				GCC_WARN_UNUSED_VARIABLE = YES;
				PREBINDING = NO;
				SDKROOT = macosx10.5;
			};
			name = Release;
		};
		51E43BFA10BF324B0047918E /* Debug */ = {
			isa = XCBuildConfiguration;
			buildSettings = {
				ALWAYS_SEARCH_USER_PATHS = NO;
				COPY_PHASE_STRIP = NO;
				GCC_DYNAMIC_NO_PIC = NO;
				GCC_ENABLE_FIX_AND_CONTINUE = YES;
				GCC_MODEL_TUNING = G5;
				GCC_OPTIMIZATION_LEVEL = 0;
				GCC_PRECOMPILE_PREFIX_HEADER = YES;
				GCC_PREFIX_HEADER = "$(SYSTEM_LIBRARY_DIR)/Frameworks/AppKit.framework/Headers/AppKit.h";
				INSTALL_PATH = /usr/local/bin;
				OTHER_LDFLAGS = (
					"-framework",
					Foundation,
					"-framework",
					AppKit,
				);
				PREBINDING = NO;
				PRODUCT_NAME = refreshservices;
			};
			name = Debug;
		};
		51E43BFB10BF324B0047918E /* Release */ = {
			isa = XCBuildConfiguration;
			buildSettings = {
				ALWAYS_SEARCH_USER_PATHS = NO;
				COPY_PHASE_STRIP = YES;
				DEBUG_INFORMATION_FORMAT = "dwarf-with-dsym";
				GCC_ENABLE_FIX_AND_CONTINUE = NO;
				GCC_MODEL_TUNING = G5;
				GCC_PRECOMPILE_PREFIX_HEADER = YES;
				GCC_PREFIX_HEADER = "$(SYSTEM_LIBRARY_DIR)/Frameworks/AppKit.framework/Headers/AppKit.h";
				INSTALL_PATH = /usr/local/bin;
				OTHER_LDFLAGS = (
					"-framework",
					Foundation,
					"-framework",
					AppKit,
				);
				PREBINDING = NO;
				PRODUCT_NAME = refreshservices;
				ZERO_LINK = NO;
			};
			name = Release;
		};
		51EF46EC10B9CE0300B961AB /* Debug */ = {
			isa = XCBuildConfiguration;
			buildSettings = {
				ALWAYS_SEARCH_USER_PATHS = NO;
				ARCHS = "$(ARCHS_STANDARD_32_BIT)";
				COPY_PHASE_STRIP = NO;
				GCC_DYNAMIC_NO_PIC = NO;
				GCC_ENABLE_FIX_AND_CONTINUE = YES;
				GCC_MODEL_TUNING = G5;
				GCC_OPTIMIZATION_LEVEL = 0;
				GCC_PRECOMPILE_PREFIX_HEADER = YES;
				GCC_PREFIX_HEADER = "$(SYSTEM_LIBRARY_DIR)/Frameworks/AppKit.framework/Headers/AppKit.h";
				INFOPLIST_FILE = "Babelfish-Info.plist";
				INSTALL_PATH = "$(HOME)/Library/Bundles";
				MACH_O_TYPE = mh_execute;
				ONLY_ACTIVE_ARCH = NO;
				OTHER_LDFLAGS = (
					"-framework",
					Foundation,
					"-framework",
					AppKit,
				);
				PREBINDING = NO;
				PRODUCT_NAME = Babelfish;
				WRAPPER_EXTENSION = service;
			};
			name = Debug;
		};
		51EF46ED10B9CE0300B961AB /* Release */ = {
			isa = XCBuildConfiguration;
			buildSettings = {
				ALWAYS_SEARCH_USER_PATHS = NO;
				ARCHS = "$(ARCHS_STANDARD_32_BIT)";
				COPY_PHASE_STRIP = YES;
				DEBUG_INFORMATION_FORMAT = "dwarf-with-dsym";
				GCC_ENABLE_FIX_AND_CONTINUE = NO;
				GCC_MODEL_TUNING = G5;
				GCC_PRECOMPILE_PREFIX_HEADER = YES;
				GCC_PREFIX_HEADER = "$(SYSTEM_LIBRARY_DIR)/Frameworks/AppKit.framework/Headers/AppKit.h";
				INFOPLIST_FILE = "Babelfish-Info.plist";
				INSTALL_PATH = "$(HOME)/Library/Bundles";
				MACH_O_TYPE = mh_execute;
				ONLY_ACTIVE_ARCH = NO;
				OTHER_CFLAGS = "-DNDEBUG";
				OTHER_LDFLAGS = (
					"-framework",
					Foundation,
					"-framework",
					AppKit,
				);
				PREBINDING = NO;
				PRODUCT_NAME = Babelfish;
				WRAPPER_EXTENSION = service;
				ZERO_LINK = NO;
			};
			name = Release;
		};
		51EF480810B9DEDD00B961AB /* Debug */ = {
			isa = XCBuildConfiguration;
			buildSettings = {
				ALWAYS_SEARCH_USER_PATHS = NO;
				COPY_PHASE_STRIP = NO;
				FRAMEWORK_SEARCH_PATHS = "$(DEVELOPER_LIBRARY_DIR)/Frameworks";
				GCC_DYNAMIC_NO_PIC = NO;
				GCC_ENABLE_FIX_AND_CONTINUE = NO;
				GCC_ENABLE_OBJC_EXCEPTIONS = YES;
				GCC_MODEL_TUNING = G5;
				GCC_OPTIMIZATION_LEVEL = 0;
				GCC_PRECOMPILE_PREFIX_HEADER = YES;
				GCC_PREFIX_HEADER = "$(SYSTEM_LIBRARY_DIR)/Frameworks/Cocoa.framework/Headers/Cocoa.h";
				INFOPLIST_FILE = "Babelfish-Test-Info.plist";
				INSTALL_PATH = "$(USER_LIBRARY_DIR)/Bundles";
				OTHER_LDFLAGS = (
					"-framework",
					Cocoa,
					"-framework",
					SenTestingKit,
				);
				PREBINDING = NO;
				PRODUCT_NAME = "BabelfishService-Test";
				WRAPPER_EXTENSION = octest;
			};
			name = Debug;
		};
		51EF480910B9DEDD00B961AB /* Release */ = {
			isa = XCBuildConfiguration;
			buildSettings = {
				ALWAYS_SEARCH_USER_PATHS = NO;
				COPY_PHASE_STRIP = YES;
				DEBUG_INFORMATION_FORMAT = "dwarf-with-dsym";
				FRAMEWORK_SEARCH_PATHS = "$(DEVELOPER_LIBRARY_DIR)/Frameworks";
				GCC_ENABLE_FIX_AND_CONTINUE = NO;
				GCC_ENABLE_OBJC_EXCEPTIONS = YES;
				GCC_MODEL_TUNING = G5;
				GCC_PRECOMPILE_PREFIX_HEADER = YES;
				GCC_PREFIX_HEADER = "$(SYSTEM_LIBRARY_DIR)/Frameworks/Cocoa.framework/Headers/Cocoa.h";
				INFOPLIST_FILE = "Babelfish-Test-Info.plist";
				INSTALL_PATH = "$(USER_LIBRARY_DIR)/Bundles";
				OTHER_LDFLAGS = (
					"-framework",
					Cocoa,
					"-framework",
					SenTestingKit,
				);
				PREBINDING = NO;
				PRODUCT_NAME = "BabelfishService-Test";
				WRAPPER_EXTENSION = octest;
				ZERO_LINK = NO;
			};
			name = Release;
		};
/* End XCBuildConfiguration section */

/* Begin XCConfigurationList section */
		1DEB927808733DD40010E9CD /* Build configuration list for PBXProject "Babelfish" */ = {
			isa = XCConfigurationList;
			buildConfigurations = (
				1DEB927908733DD40010E9CD /* Debug */,
				1DEB927A08733DD40010E9CD /* Release */,
			);
			defaultConfigurationIsVisible = 0;
			defaultConfigurationName = Release;
		};
		51E43BFF10BF32670047918E /* Build configuration list for PBXNativeTarget "refreshservices" */ = {
			isa = XCConfigurationList;
			buildConfigurations = (
				51E43BFA10BF324B0047918E /* Debug */,
				51E43BFB10BF324B0047918E /* Release */,
			);
			defaultConfigurationIsVisible = 0;
			defaultConfigurationName = Release;
		};
		51EF46EE10B9CE0300B961AB /* Build configuration list for PBXNativeTarget "Babelfish-Service" */ = {
			isa = XCConfigurationList;
			buildConfigurations = (
				51EF46EC10B9CE0300B961AB /* Debug */,
				51EF46ED10B9CE0300B961AB /* Release */,
			);
			defaultConfigurationIsVisible = 0;
			defaultConfigurationName = Release;
		};
		51EF480A10B9DEDD00B961AB /* Build configuration list for PBXNativeTarget "Babelfish-Test" */ = {
			isa = XCConfigurationList;
			buildConfigurations = (
				51EF480810B9DEDD00B961AB /* Debug */,
				51EF480910B9DEDD00B961AB /* Release */,
			);
			defaultConfigurationIsVisible = 0;
			defaultConfigurationName = Release;
		};
/* End XCConfigurationList section */
	};
	rootObject = 08FB7793FE84155DC02AAC07 /* Project object */;
}
