// !$*UTF8*$!
{
	archiveVersion = 1;
	classes = {
	};
	objectVersion = 45;
	objects = {

/* Begin PBXAggregateTarget section */
		516797F5118C96B400A96627 /* Babelfish - All */ = {
			isa = PBXAggregateTarget;
			buildConfigurationList = 516797FD118C96DE00A96627 /* Build configuration list for PBXAggregateTarget "Babelfish - All" */;
			buildPhases = (
			);
			dependencies = (
				516797F9118C96C000A96627 /* PBXTargetDependency */,
				516797FB118C96C000A96627 /* PBXTargetDependency */,
			);
			name = "Babelfish - All";
			productName = "Babelfish - All";
		};
/* End PBXAggregateTarget section */

/* Begin PBXBuildFile section */
		1DDD58160DA1D0A300B32029 /* MainMenu.xib in Resources */ = {isa = PBXBuildFile; fileRef = 1DDD58140DA1D0A300B32029 /* MainMenu.xib */; };
		510A57C410C1B12F00088B20 /* Babelfish.icns in Resources */ = {isa = PBXBuildFile; fileRef = 510A57C310C1B12F00088B20 /* Babelfish.icns */; };
		510A588F10C1BC6D00088B20 /* NSObject+SBJSON.m in Sources */ = {isa = PBXBuildFile; fileRef = 510A588410C1BC6D00088B20 /* NSObject+SBJSON.m */; };
		510A589010C1BC6D00088B20 /* NSString+SBJSON.m in Sources */ = {isa = PBXBuildFile; fileRef = 510A588610C1BC6D00088B20 /* NSString+SBJSON.m */; };
		510A589110C1BC6D00088B20 /* SBJSON.m in Sources */ = {isa = PBXBuildFile; fileRef = 510A588810C1BC6D00088B20 /* SBJSON.m */; };
		510A589210C1BC6D00088B20 /* SBJsonBase.m in Sources */ = {isa = PBXBuildFile; fileRef = 510A588A10C1BC6D00088B20 /* SBJsonBase.m */; };
		510A589310C1BC6D00088B20 /* SBJsonParser.m in Sources */ = {isa = PBXBuildFile; fileRef = 510A588C10C1BC6D00088B20 /* SBJsonParser.m */; };
		510A589410C1BC6D00088B20 /* SBJsonWriter.m in Sources */ = {isa = PBXBuildFile; fileRef = 510A588E10C1BC6D00088B20 /* SBJsonWriter.m */; };
		510A5A0B10C3136200088B20 /* BFTranslateTextOperation.m in Sources */ = {isa = PBXBuildFile; fileRef = 510A5A0A10C3136200088B20 /* BFTranslateTextOperation.m */; };
		510A5AD610C3344900088B20 /* Flags in Resources */ = {isa = PBXBuildFile; fileRef = 510A5AA010C3344900088B20 /* Flags */; };
		510A5B1110C33B5A00088B20 /* SupportedLanguages.plist in Resources */ = {isa = PBXBuildFile; fileRef = 510A5B1010C33B5A00088B20 /* SupportedLanguages.plist */; };
		5115951510C19356001E60A8 /* BFTranslationWindowController.m in Sources */ = {isa = PBXBuildFile; fileRef = 5115950310C19356001E60A8 /* BFTranslationWindowController.m */; };
		5115951610C19356001E60A8 /* BFGoogleTranslator.m in Sources */ = {isa = PBXBuildFile; fileRef = 5115950510C19356001E60A8 /* BFGoogleTranslator.m */; };
		512192C7115E95EB00150E9E /* BFTranslationWindowModel.m in Sources */ = {isa = PBXBuildFile; fileRef = 512192C6115E95EB00150E9E /* BFTranslationWindowModel.m */; };
		5133EA56118CAD53001F4E01 /* PLBlocks.framework in Frameworks */ = {isa = PBXBuildFile; fileRef = 5133EA55118CAD53001F4E01 /* PLBlocks.framework */; };
		5133EA57118CAD53001F4E01 /* PLBlocks.framework in Frameworks */ = {isa = PBXBuildFile; fileRef = 5133EA55118CAD53001F4E01 /* PLBlocks.framework */; };
		5133EA5B118CAD6C001F4E01 /* GHUnit.framework in Frameworks */ = {isa = PBXBuildFile; fileRef = 5133EA5A118CAD6C001F4E01 /* GHUnit.framework */; };
		5133EA5F118CAD83001F4E01 /* BGHUDAppKit.framework in Frameworks */ = {isa = PBXBuildFile; fileRef = 5133EA5E118CAD83001F4E01 /* BGHUDAppKit.framework */; };
		5133EABA118CADC0001F4E01 /* BGHUDAppKit.framework in CopyFiles */ = {isa = PBXBuildFile; fileRef = 5133EA5E118CAD83001F4E01 /* BGHUDAppKit.framework */; };
		5133EABB118CADC5001F4E01 /* PLBlocks.framework in CopyFiles */ = {isa = PBXBuildFile; fileRef = 5133EA55118CAD53001F4E01 /* PLBlocks.framework */; };
		5133EABC118CADCC001F4E01 /* GHUnit.framework in CopyFiles */ = {isa = PBXBuildFile; fileRef = 5133EA5A118CAD6C001F4E01 /* GHUnit.framework */; };
		5133EABD118CADCC001F4E01 /* PLBlocks.framework in CopyFiles */ = {isa = PBXBuildFile; fileRef = 5133EA55118CAD53001F4E01 /* PLBlocks.framework */; };
		5133EABF118CADDC001F4E01 /* Cocoa.framework in Frameworks */ = {isa = PBXBuildFile; fileRef = 5133EABE118CADDC001F4E01 /* Cocoa.framework */; };
		5133EAC2118CADE5001F4E01 /* Cocoa.framework in Frameworks */ = {isa = PBXBuildFile; fileRef = 5133EABE118CADDC001F4E01 /* Cocoa.framework */; };
		51679391118A1E7300A96627 /* NSString+URLEncode.m in Sources */ = {isa = PBXBuildFile; fileRef = 51679390118A1E7300A96627 /* NSString+URLEncode.m */; };
		51679406118A252B00A96627 /* BFDefaultHTTPInvoker.m in Sources */ = {isa = PBXBuildFile; fileRef = 51679405118A252B00A96627 /* BFDefaultHTTPInvoker.m */; };
		51679663118C764E00A96627 /* GHUnitTestMain.m in Sources */ = {isa = PBXBuildFile; fileRef = 516794F7118A388100A96627 /* GHUnitTestMain.m */; };
		51679667118C766400A96627 /* BFGoogleTranslatorTest.m in Sources */ = {isa = PBXBuildFile; fileRef = 510A5CB610C5CA9F00088B20 /* BFGoogleTranslatorTest.m */; };
		516796A3118C780500A96627 /* BFTranslationWindowController.m in Sources */ = {isa = PBXBuildFile; fileRef = 5115950310C19356001E60A8 /* BFTranslationWindowController.m */; };
		516796A4118C780500A96627 /* BFGoogleTranslator.m in Sources */ = {isa = PBXBuildFile; fileRef = 5115950510C19356001E60A8 /* BFGoogleTranslator.m */; };
		516796A5118C780500A96627 /* NSObject+SBJSON.m in Sources */ = {isa = PBXBuildFile; fileRef = 510A588410C1BC6D00088B20 /* NSObject+SBJSON.m */; };
		516796A6118C780500A96627 /* NSString+SBJSON.m in Sources */ = {isa = PBXBuildFile; fileRef = 510A588610C1BC6D00088B20 /* NSString+SBJSON.m */; };
		516796A7118C780500A96627 /* SBJSON.m in Sources */ = {isa = PBXBuildFile; fileRef = 510A588810C1BC6D00088B20 /* SBJSON.m */; };
		516796A8118C780500A96627 /* SBJsonBase.m in Sources */ = {isa = PBXBuildFile; fileRef = 510A588A10C1BC6D00088B20 /* SBJsonBase.m */; };
		516796A9118C780500A96627 /* SBJsonParser.m in Sources */ = {isa = PBXBuildFile; fileRef = 510A588C10C1BC6D00088B20 /* SBJsonParser.m */; };
		516796AA118C780500A96627 /* SBJsonWriter.m in Sources */ = {isa = PBXBuildFile; fileRef = 510A588E10C1BC6D00088B20 /* SBJsonWriter.m */; };
		516796AB118C780500A96627 /* BFTranslateTextOperation.m in Sources */ = {isa = PBXBuildFile; fileRef = 510A5A0A10C3136200088B20 /* BFTranslateTextOperation.m */; };
		516796AC118C780500A96627 /* BFLanguage.m in Sources */ = {isa = PBXBuildFile; fileRef = 518CEFF91128AB6000658FB0 /* BFLanguage.m */; };
		516796AD118C780500A96627 /* BFAppController.m in Sources */ = {isa = PBXBuildFile; fileRef = 51999F13112A0729008BAC42 /* BFAppController.m */; };
		516796AE118C780500A96627 /* BFTranslationWindowModel.m in Sources */ = {isa = PBXBuildFile; fileRef = 512192C6115E95EB00150E9E /* BFTranslationWindowModel.m */; };
		516796AF118C780500A96627 /* NSString+URLEncode.m in Sources */ = {isa = PBXBuildFile; fileRef = 51679390118A1E7300A96627 /* NSString+URLEncode.m */; };
		516796B0118C780500A96627 /* BFDefaultHTTPInvoker.m in Sources */ = {isa = PBXBuildFile; fileRef = 51679405118A252B00A96627 /* BFDefaultHTTPInvoker.m */; };
		516797C0118C903B00A96627 /* RegexKitLite.m in Sources */ = {isa = PBXBuildFile; fileRef = 516797BF118C903B00A96627 /* RegexKitLite.m */; };
		516797C1118C905200A96627 /* RegexKitLite.m in Sources */ = {isa = PBXBuildFile; fileRef = 516797BF118C903B00A96627 /* RegexKitLite.m */; };
		516798DF118C9A3100A96627 /* NSString+BFGoogleTranslateEncoder.m in Sources */ = {isa = PBXBuildFile; fileRef = 516798DE118C9A3100A96627 /* NSString+BFGoogleTranslateEncoder.m */; };
		516798E0118C9A3100A96627 /* NSString+BFGoogleTranslateEncoder.m in Sources */ = {isa = PBXBuildFile; fileRef = 516798DE118C9A3100A96627 /* NSString+BFGoogleTranslateEncoder.m */; };
		516798E5118CA0E900A96627 /* NSString+BFGoogleTranslateEncoderTest.m in Sources */ = {isa = PBXBuildFile; fileRef = 516798E4118CA0E900A96627 /* NSString+BFGoogleTranslateEncoderTest.m */; };
		5168A55511680813004C576A /* GoogleTranslateLogo.gif in Resources */ = {isa = PBXBuildFile; fileRef = 5168A55411680813004C576A /* GoogleTranslateLogo.gif */; };
		5168A6701168B547004C576A /* SwapIcon.png in Resources */ = {isa = PBXBuildFile; fileRef = 5168A66F1168B547004C576A /* SwapIcon.png */; };
		5168A907116BF5C3004C576A /* Credits.rtfd in Resources */ = {isa = PBXBuildFile; fileRef = 5168A906116BF5C2004C576A /* Credits.rtfd */; };
		518CEFFA1128AB6000658FB0 /* BFLanguage.m in Sources */ = {isa = PBXBuildFile; fileRef = 518CEFF91128AB6000658FB0 /* BFLanguage.m */; };
		51999EF9112A02F1008BAC42 /* TranslationWindow.xib in Resources */ = {isa = PBXBuildFile; fileRef = 51999EF8112A02F1008BAC42 /* TranslationWindow.xib */; };
		51999F14112A0729008BAC42 /* BFAppController.m in Sources */ = {isa = PBXBuildFile; fileRef = 51999F13112A0729008BAC42 /* BFAppController.m */; };
		8D11072B0486CEB800E47090 /* InfoPlist.strings in Resources */ = {isa = PBXBuildFile; fileRef = 089C165CFE840E0CC02AAC07 /* InfoPlist.strings */; };
		8D11072D0486CEB800E47090 /* main.m in Sources */ = {isa = PBXBuildFile; fileRef = 29B97316FDCFA39411CA2CEA /* main.m */; settings = {ATTRIBUTES = (); }; };
/* End PBXBuildFile section */

/* Begin PBXContainerItemProxy section */
		5167961D118C75A500A96627 /* PBXContainerItemProxy */ = {
			isa = PBXContainerItemProxy;
			containerPortal = 29B97313FDCFA39411CA2CEA /* Project object */;
			proxyType = 1;
			remoteGlobalIDString = 8D1107260486CEB800E47090;
			remoteInfo = Babelfish;
		};
		516797F8118C96C000A96627 /* PBXContainerItemProxy */ = {
			isa = PBXContainerItemProxy;
			containerPortal = 29B97313FDCFA39411CA2CEA /* Project object */;
			proxyType = 1;
			remoteGlobalIDString = 8D1107260486CEB800E47090;
			remoteInfo = "Babelfish - App";
		};
		516797FA118C96C000A96627 /* PBXContainerItemProxy */ = {
			isa = PBXContainerItemProxy;
			containerPortal = 29B97313FDCFA39411CA2CEA /* Project object */;
			proxyType = 1;
			remoteGlobalIDString = 51679618118C759E00A96627;
			remoteInfo = "Babelfish - UnitTests";
		};
/* End PBXContainerItemProxy section */

/* Begin PBXCopyFilesBuildPhase section */
		514A6DB410DC18570039CE28 /* CopyFiles */ = {
			isa = PBXCopyFilesBuildPhase;
			buildActionMask = 2147483647;
			dstPath = "";
			dstSubfolderSpec = 10;
			files = (
				5133EABB118CADC5001F4E01 /* PLBlocks.framework in CopyFiles */,
				5133EABA118CADC0001F4E01 /* BGHUDAppKit.framework in CopyFiles */,
			);
			runOnlyForDeploymentPostprocessing = 0;
		};
		51679660118C762900A96627 /* CopyFiles */ = {
			isa = PBXCopyFilesBuildPhase;
			buildActionMask = 2147483647;
			dstPath = "";
			dstSubfolderSpec = 10;
			files = (
				5133EABC118CADCC001F4E01 /* GHUnit.framework in CopyFiles */,
				5133EABD118CADCC001F4E01 /* PLBlocks.framework in CopyFiles */,
			);
			runOnlyForDeploymentPostprocessing = 0;
		};
/* End PBXCopyFilesBuildPhase section */

/* Begin PBXFileReference section */
		089C165DFE840E0CC02AAC07 /* English */ = {isa = PBXFileReference; fileEncoding = 10; lastKnownFileType = text.plist.strings; name = English; path = English.lproj/InfoPlist.strings; sourceTree = "<group>"; };
		1DDD58150DA1D0A300B32029 /* English */ = {isa = PBXFileReference; lastKnownFileType = file.xib; name = English; path = English.lproj/MainMenu.xib; sourceTree = "<group>"; };
		29B97316FDCFA39411CA2CEA /* main.m */ = {isa = PBXFileReference; fileEncoding = 4; lastKnownFileType = sourcecode.c.objc; path = main.m; sourceTree = "<group>"; };
		32CA4F630368D1EE00C91783 /* Babelfish_Prefix.pch */ = {isa = PBXFileReference; fileEncoding = 4; lastKnownFileType = sourcecode.c.h; path = Babelfish_Prefix.pch; sourceTree = "<group>"; };
		510A57C310C1B12F00088B20 /* Babelfish.icns */ = {isa = PBXFileReference; lastKnownFileType = image.icns; path = Babelfish.icns; sourceTree = "<group>"; };
		510A588210C1BC6D00088B20 /* JSON.h */ = {isa = PBXFileReference; fileEncoding = 4; lastKnownFileType = sourcecode.c.h; path = JSON.h; sourceTree = "<group>"; };
		510A588310C1BC6D00088B20 /* NSObject+SBJSON.h */ = {isa = PBXFileReference; fileEncoding = 4; lastKnownFileType = sourcecode.c.h; path = "NSObject+SBJSON.h"; sourceTree = "<group>"; };
		510A588410C1BC6D00088B20 /* NSObject+SBJSON.m */ = {isa = PBXFileReference; fileEncoding = 4; lastKnownFileType = sourcecode.c.objc; path = "NSObject+SBJSON.m"; sourceTree = "<group>"; };
		510A588510C1BC6D00088B20 /* NSString+SBJSON.h */ = {isa = PBXFileReference; fileEncoding = 4; lastKnownFileType = sourcecode.c.h; path = "NSString+SBJSON.h"; sourceTree = "<group>"; };
		510A588610C1BC6D00088B20 /* NSString+SBJSON.m */ = {isa = PBXFileReference; fileEncoding = 4; lastKnownFileType = sourcecode.c.objc; path = "NSString+SBJSON.m"; sourceTree = "<group>"; };
		510A588710C1BC6D00088B20 /* SBJSON.h */ = {isa = PBXFileReference; fileEncoding = 4; lastKnownFileType = sourcecode.c.h; path = SBJSON.h; sourceTree = "<group>"; };
		510A588810C1BC6D00088B20 /* SBJSON.m */ = {isa = PBXFileReference; fileEncoding = 4; lastKnownFileType = sourcecode.c.objc; path = SBJSON.m; sourceTree = "<group>"; };
		510A588910C1BC6D00088B20 /* SBJsonBase.h */ = {isa = PBXFileReference; fileEncoding = 4; lastKnownFileType = sourcecode.c.h; path = SBJsonBase.h; sourceTree = "<group>"; };
		510A588A10C1BC6D00088B20 /* SBJsonBase.m */ = {isa = PBXFileReference; fileEncoding = 4; lastKnownFileType = sourcecode.c.objc; path = SBJsonBase.m; sourceTree = "<group>"; };
		510A588B10C1BC6D00088B20 /* SBJsonParser.h */ = {isa = PBXFileReference; fileEncoding = 4; lastKnownFileType = sourcecode.c.h; path = SBJsonParser.h; sourceTree = "<group>"; };
		510A588C10C1BC6D00088B20 /* SBJsonParser.m */ = {isa = PBXFileReference; fileEncoding = 4; lastKnownFileType = sourcecode.c.objc; path = SBJsonParser.m; sourceTree = "<group>"; };
		510A588D10C1BC6D00088B20 /* SBJsonWriter.h */ = {isa = PBXFileReference; fileEncoding = 4; lastKnownFileType = sourcecode.c.h; path = SBJsonWriter.h; sourceTree = "<group>"; };
		510A588E10C1BC6D00088B20 /* SBJsonWriter.m */ = {isa = PBXFileReference; fileEncoding = 4; lastKnownFileType = sourcecode.c.objc; path = SBJsonWriter.m; sourceTree = "<group>"; };
		510A593610C1D48A00088B20 /* version.h */ = {isa = PBXFileReference; fileEncoding = 4; lastKnownFileType = sourcecode.c.h; path = version.h; sourceTree = "<group>"; };
		510A5A0910C3136200088B20 /* BFTranslateTextOperation.h */ = {isa = PBXFileReference; fileEncoding = 4; lastKnownFileType = sourcecode.c.h; path = BFTranslateTextOperation.h; sourceTree = "<group>"; };
		510A5A0A10C3136200088B20 /* BFTranslateTextOperation.m */ = {isa = PBXFileReference; fileEncoding = 4; lastKnownFileType = sourcecode.c.objc; path = BFTranslateTextOperation.m; sourceTree = "<group>"; };
		510A5AA010C3344900088B20 /* Flags */ = {isa = PBXFileReference; lastKnownFileType = folder; path = Flags; sourceTree = "<group>"; };
		510A5B1010C33B5A00088B20 /* SupportedLanguages.plist */ = {isa = PBXFileReference; fileEncoding = 4; lastKnownFileType = text.plist.xml; path = SupportedLanguages.plist; sourceTree = "<group>"; };
		510A5B2410C3403700088B20 /* Babelfish-Tests-Info.plist */ = {isa = PBXFileReference; lastKnownFileType = text.plist.xml; path = "Babelfish-Tests-Info.plist"; sourceTree = "<group>"; };
		510A5CB610C5CA9F00088B20 /* BFGoogleTranslatorTest.m */ = {isa = PBXFileReference; fileEncoding = 4; lastKnownFileType = sourcecode.c.objc; path = BFGoogleTranslatorTest.m; sourceTree = "<group>"; };
		5115950210C19356001E60A8 /* BFTranslationWindowController.h */ = {isa = PBXFileReference; fileEncoding = 4; lastKnownFileType = sourcecode.c.h; path = BFTranslationWindowController.h; sourceTree = "<group>"; };
		5115950310C19356001E60A8 /* BFTranslationWindowController.m */ = {isa = PBXFileReference; fileEncoding = 4; lastKnownFileType = sourcecode.c.objc; path = BFTranslationWindowController.m; sourceTree = "<group>"; };
		5115950410C19356001E60A8 /* BFGoogleTranslator.h */ = {isa = PBXFileReference; fileEncoding = 4; lastKnownFileType = sourcecode.c.h; path = BFGoogleTranslator.h; sourceTree = "<group>"; };
		5115950510C19356001E60A8 /* BFGoogleTranslator.m */ = {isa = PBXFileReference; fileEncoding = 4; lastKnownFileType = sourcecode.c.objc; path = BFGoogleTranslator.m; sourceTree = "<group>"; };
		5115951410C19356001E60A8 /* BFTranslator.h */ = {isa = PBXFileReference; fileEncoding = 4; lastKnownFileType = sourcecode.c.h; path = BFTranslator.h; sourceTree = "<group>"; };
		512192C5115E95EB00150E9E /* BFTranslationWindowModel.h */ = {isa = PBXFileReference; fileEncoding = 4; lastKnownFileType = sourcecode.c.h; path = BFTranslationWindowModel.h; sourceTree = "<group>"; };
		512192C6115E95EB00150E9E /* BFTranslationWindowModel.m */ = {isa = PBXFileReference; fileEncoding = 4; lastKnownFileType = sourcecode.c.objc; path = BFTranslationWindowModel.m; sourceTree = "<group>"; };
		5133EA55118CAD53001F4E01 /* PLBlocks.framework */ = {isa = PBXFileReference; lastKnownFileType = wrapper.framework; name = PLBlocks.framework; path = ../../../../Development/objc/PLBlocks/PLBlocks.framework; sourceTree = SOURCE_ROOT; };
		5133EA5A118CAD6C001F4E01 /* GHUnit.framework */ = {isa = PBXFileReference; lastKnownFileType = wrapper.framework; name = GHUnit.framework; path = ../../../../Development/objc/GHUnit_OCMock/src/build/Release/GHUnit.framework; sourceTree = SOURCE_ROOT; };
		5133EA5E118CAD83001F4E01 /* BGHUDAppKit.framework */ = {isa = PBXFileReference; lastKnownFileType = wrapper.framework; name = BGHUDAppKit.framework; path = ../../../../Development/objc/BGHUDAppKit/build/Release/BGHUDAppKit.framework; sourceTree = SOURCE_ROOT; };
		5133EABE118CADDC001F4E01 /* Cocoa.framework */ = {isa = PBXFileReference; lastKnownFileType = wrapper.framework; name = Cocoa.framework; path = System/Library/Frameworks/Cocoa.framework; sourceTree = SDKROOT; };
		5167934B118A1A1B00A96627 /* UnitTests-Info.plist */ = {isa = PBXFileReference; lastKnownFileType = text.plist.xml; path = "UnitTests-Info.plist"; sourceTree = "<group>"; };
		5167938F118A1E7300A96627 /* NSString+URLEncode.h */ = {isa = PBXFileReference; fileEncoding = 4; lastKnownFileType = sourcecode.c.h; path = "NSString+URLEncode.h"; sourceTree = "<group>"; };
		51679390118A1E7300A96627 /* NSString+URLEncode.m */ = {isa = PBXFileReference; fileEncoding = 4; lastKnownFileType = sourcecode.c.objc; path = "NSString+URLEncode.m"; sourceTree = "<group>"; };
		51679404118A252B00A96627 /* BFHTTPInvoker.h */ = {isa = PBXFileReference; fileEncoding = 4; lastKnownFileType = sourcecode.c.h; path = BFHTTPInvoker.h; sourceTree = "<group>"; };
		51679405118A252B00A96627 /* BFDefaultHTTPInvoker.m */ = {isa = PBXFileReference; fileEncoding = 4; lastKnownFileType = sourcecode.c.objc; path = BFDefaultHTTPInvoker.m; sourceTree = "<group>"; };
		51679462118A2B3600A96627 /* Babelfish - UnitTests-Info.plist */ = {isa = PBXFileReference; lastKnownFileType = text.plist.xml; path = "Babelfish - UnitTests-Info.plist"; sourceTree = "<group>"; };
		516794E2118A373800A96627 /* Tests-Info.plist */ = {isa = PBXFileReference; lastKnownFileType = text.plist.xml; path = "Tests-Info.plist"; sourceTree = "<group>"; };
		516794F7118A388100A96627 /* GHUnitTestMain.m */ = {isa = PBXFileReference; fileEncoding = 4; lastKnownFileType = sourcecode.c.objc; path = GHUnitTestMain.m; sourceTree = "<group>"; };
		51679561118C6A6700A96627 /* Babelfish.app */ = {isa = PBXFileReference; lastKnownFileType = wrapper.application; name = Babelfish.app; path = ../build/Debug/Babelfish.app; sourceTree = SOURCE_ROOT; };
		51679619118C759E00A96627 /* Babelfish - UnitTests.app */ = {isa = PBXFileReference; explicitFileType = wrapper.application; includeInIndex = 0; path = "Babelfish - UnitTests.app"; sourceTree = BUILT_PRODUCTS_DIR; };
		516797BE118C903B00A96627 /* RegexKitLite.h */ = {isa = PBXFileReference; fileEncoding = 4; lastKnownFileType = sourcecode.c.h; path = RegexKitLite.h; sourceTree = "<group>"; };
		516797BF118C903B00A96627 /* RegexKitLite.m */ = {isa = PBXFileReference; fileEncoding = 4; lastKnownFileType = sourcecode.c.objc; path = RegexKitLite.m; sourceTree = "<group>"; };
		516797E6118C956400A96627 /* BFDefaultHTTPInvoker.h */ = {isa = PBXFileReference; fileEncoding = 4; lastKnownFileType = sourcecode.c.h; path = BFDefaultHTTPInvoker.h; sourceTree = "<group>"; };
		516798DD118C9A3100A96627 /* NSString+BFGoogleTranslateEncoder.h */ = {isa = PBXFileReference; fileEncoding = 4; lastKnownFileType = sourcecode.c.h; path = "NSString+BFGoogleTranslateEncoder.h"; sourceTree = "<group>"; };
		516798DE118C9A3100A96627 /* NSString+BFGoogleTranslateEncoder.m */ = {isa = PBXFileReference; fileEncoding = 4; lastKnownFileType = sourcecode.c.objc; path = "NSString+BFGoogleTranslateEncoder.m"; sourceTree = "<group>"; };
		516798E4118CA0E900A96627 /* NSString+BFGoogleTranslateEncoderTest.m */ = {isa = PBXFileReference; fileEncoding = 4; lastKnownFileType = sourcecode.c.objc; path = "NSString+BFGoogleTranslateEncoderTest.m"; sourceTree = "<group>"; };
		5168A55411680813004C576A /* GoogleTranslateLogo.gif */ = {isa = PBXFileReference; lastKnownFileType = image.gif; path = GoogleTranslateLogo.gif; sourceTree = "<group>"; };
		5168A66F1168B547004C576A /* SwapIcon.png */ = {isa = PBXFileReference; lastKnownFileType = image.png; path = SwapIcon.png; sourceTree = "<group>"; };
		5168A906116BF5C2004C576A /* Credits.rtfd */ = {isa = PBXFileReference; lastKnownFileType = wrapper.rtfd; path = Credits.rtfd; sourceTree = "<group>"; };
		518CEFF81128AB6000658FB0 /* BFLanguage.h */ = {isa = PBXFileReference; fileEncoding = 4; lastKnownFileType = sourcecode.c.h; path = BFLanguage.h; sourceTree = "<group>"; };
		518CEFF91128AB6000658FB0 /* BFLanguage.m */ = {isa = PBXFileReference; fileEncoding = 4; lastKnownFileType = sourcecode.c.objc; path = BFLanguage.m; sourceTree = "<group>"; };
		51999EF8112A02F1008BAC42 /* TranslationWindow.xib */ = {isa = PBXFileReference; lastKnownFileType = file.xib; path = TranslationWindow.xib; sourceTree = "<group>"; };
		51999F12112A0729008BAC42 /* BFAppController.h */ = {isa = PBXFileReference; fileEncoding = 4; lastKnownFileType = sourcecode.c.h; path = BFAppController.h; sourceTree = "<group>"; };
		51999F13112A0729008BAC42 /* BFAppController.m */ = {isa = PBXFileReference; fileEncoding = 4; lastKnownFileType = sourcecode.c.objc; path = BFAppController.m; sourceTree = "<group>"; };
		8D1107310486CEB800E47090 /* Info.plist */ = {isa = PBXFileReference; fileEncoding = 4; lastKnownFileType = text.plist.xml; path = Info.plist; sourceTree = "<group>"; };
		8D1107320486CEB800E47090 /* Babelfish.app */ = {isa = PBXFileReference; explicitFileType = wrapper.application; includeInIndex = 0; path = Babelfish.app; sourceTree = BUILT_PRODUCTS_DIR; };
/* End PBXFileReference section */

/* Begin PBXFrameworksBuildPhase section */
		51679617118C759E00A96627 /* Frameworks */ = {
			isa = PBXFrameworksBuildPhase;
			buildActionMask = 2147483647;
			files = (
				5133EA56118CAD53001F4E01 /* PLBlocks.framework in Frameworks */,
				5133EA5B118CAD6C001F4E01 /* GHUnit.framework in Frameworks */,
				5133EABF118CADDC001F4E01 /* Cocoa.framework in Frameworks */,
			);
			runOnlyForDeploymentPostprocessing = 0;
		};
		8D11072E0486CEB800E47090 /* Frameworks */ = {
			isa = PBXFrameworksBuildPhase;
			buildActionMask = 2147483647;
			files = (
				5133EA57118CAD53001F4E01 /* PLBlocks.framework in Frameworks */,
				5133EA5F118CAD83001F4E01 /* BGHUDAppKit.framework in Frameworks */,
				5133EAC2118CADE5001F4E01 /* Cocoa.framework in Frameworks */,
			);
			runOnlyForDeploymentPostprocessing = 0;
		};
/* End PBXFrameworksBuildPhase section */

/* Begin PBXGroup section */
		080E96DDFE201D6D7F000001 /* Sources */ = {
			isa = PBXGroup;
			children = (
				51999F0C112A0429008BAC42 /* Translator */,
				51999F12112A0729008BAC42 /* BFAppController.h */,
				51999F13112A0729008BAC42 /* BFAppController.m */,
				512192C5115E95EB00150E9E /* BFTranslationWindowModel.h */,
				512192C6115E95EB00150E9E /* BFTranslationWindowModel.m */,
				5115950210C19356001E60A8 /* BFTranslationWindowController.h */,
				5115950310C19356001E60A8 /* BFTranslationWindowController.m */,
				510A593610C1D48A00088B20 /* version.h */,
				510A5A0910C3136200088B20 /* BFTranslateTextOperation.h */,
				510A5A0A10C3136200088B20 /* BFTranslateTextOperation.m */,
				5167938F118A1E7300A96627 /* NSString+URLEncode.h */,
				51679390118A1E7300A96627 /* NSString+URLEncode.m */,
			);
			name = Sources;
			sourceTree = "<group>";
		};
		19C28FACFE9D520D11CA2CBB /* Products */ = {
			isa = PBXGroup;
			children = (
				8D1107320486CEB800E47090 /* Babelfish.app */,
				51679619118C759E00A96627 /* Babelfish - UnitTests.app */,
			);
			name = Products;
			sourceTree = "<group>";
		};
		29B97314FDCFA39411CA2CEA /* Babelfish */ = {
			isa = PBXGroup;
			children = (
				5133EA5E118CAD83001F4E01 /* BGHUDAppKit.framework */,
				5133EA5A118CAD6C001F4E01 /* GHUnit.framework */,
				5133EA55118CAD53001F4E01 /* PLBlocks.framework */,
				51679561118C6A6700A96627 /* Babelfish.app */,
				51679373118A1D0D00A96627 /* External */,
				510A5B1B10C3401B00088B20 /* Unit Tests */,
				080E96DDFE201D6D7F000001 /* Sources */,
				29B97315FDCFA39411CA2CEA /* Other Sources */,
				29B97317FDCFA39411CA2CEA /* Resources */,
				19C28FACFE9D520D11CA2CBB /* Products */,
				510A5B2410C3403700088B20 /* Babelfish-Tests-Info.plist */,
				5167934B118A1A1B00A96627 /* UnitTests-Info.plist */,
				51679462118A2B3600A96627 /* Babelfish - UnitTests-Info.plist */,
				516794E2118A373800A96627 /* Tests-Info.plist */,
				5133EABE118CADDC001F4E01 /* Cocoa.framework */,
			);
			name = Babelfish;
			sourceTree = "<group>";
		};
		29B97315FDCFA39411CA2CEA /* Other Sources */ = {
			isa = PBXGroup;
			children = (
				32CA4F630368D1EE00C91783 /* Babelfish_Prefix.pch */,
				29B97316FDCFA39411CA2CEA /* main.m */,
			);
			name = "Other Sources";
			sourceTree = "<group>";
		};
		29B97317FDCFA39411CA2CEA /* Resources */ = {
			isa = PBXGroup;
			children = (
				5168A66F1168B547004C576A /* SwapIcon.png */,
				5168A55411680813004C576A /* GoogleTranslateLogo.gif */,
				51999EF8112A02F1008BAC42 /* TranslationWindow.xib */,
				510A5B1010C33B5A00088B20 /* SupportedLanguages.plist */,
				510A5AA010C3344900088B20 /* Flags */,
				510A57C310C1B12F00088B20 /* Babelfish.icns */,
				8D1107310486CEB800E47090 /* Info.plist */,
				089C165CFE840E0CC02AAC07 /* InfoPlist.strings */,
				1DDD58140DA1D0A300B32029 /* MainMenu.xib */,
				5168A906116BF5C2004C576A /* Credits.rtfd */,
			);
			name = Resources;
			sourceTree = "<group>";
		};
		510A587B10C1BC5B00088B20 /* JSON */ = {
			isa = PBXGroup;
			children = (
				510A588210C1BC6D00088B20 /* JSON.h */,
				510A588310C1BC6D00088B20 /* NSObject+SBJSON.h */,
				510A588410C1BC6D00088B20 /* NSObject+SBJSON.m */,
				510A588510C1BC6D00088B20 /* NSString+SBJSON.h */,
				510A588610C1BC6D00088B20 /* NSString+SBJSON.m */,
				510A588710C1BC6D00088B20 /* SBJSON.h */,
				510A588810C1BC6D00088B20 /* SBJSON.m */,
				510A588910C1BC6D00088B20 /* SBJsonBase.h */,
				510A588A10C1BC6D00088B20 /* SBJsonBase.m */,
				510A588B10C1BC6D00088B20 /* SBJsonParser.h */,
				510A588C10C1BC6D00088B20 /* SBJsonParser.m */,
				510A588D10C1BC6D00088B20 /* SBJsonWriter.h */,
				510A588E10C1BC6D00088B20 /* SBJsonWriter.m */,
			);
			name = JSON;
			sourceTree = "<group>";
		};
		510A5B1B10C3401B00088B20 /* Unit Tests */ = {
			isa = PBXGroup;
			children = (
				51679558118A3B8C00A96627 /* Translator */,
			);
			name = "Unit Tests";
			sourceTree = "<group>";
		};
		51679373118A1D0D00A96627 /* External */ = {
			isa = PBXGroup;
			children = (
				516797BD118C902200A96627 /* RegexKitLite */,
				516794F6118A386900A96627 /* GHUnit */,
				510A587B10C1BC5B00088B20 /* JSON */,
			);
			name = External;
			sourceTree = "<group>";
		};
		516794F6118A386900A96627 /* GHUnit */ = {
			isa = PBXGroup;
			children = (
				516794F7118A388100A96627 /* GHUnitTestMain.m */,
			);
			name = GHUnit;
			sourceTree = "<group>";
		};
		51679558118A3B8C00A96627 /* Translator */ = {
			isa = PBXGroup;
			children = (
				510A5CB610C5CA9F00088B20 /* BFGoogleTranslatorTest.m */,
				516798E4118CA0E900A96627 /* NSString+BFGoogleTranslateEncoderTest.m */,
			);
			name = Translator;
			sourceTree = "<group>";
		};
		516797BD118C902200A96627 /* RegexKitLite */ = {
			isa = PBXGroup;
			children = (
				516797BE118C903B00A96627 /* RegexKitLite.h */,
				516797BF118C903B00A96627 /* RegexKitLite.m */,
			);
			name = RegexKitLite;
			sourceTree = "<group>";
		};
		51999F0C112A0429008BAC42 /* Translator */ = {
			isa = PBXGroup;
			children = (
				5115950410C19356001E60A8 /* BFGoogleTranslator.h */,
				5115950510C19356001E60A8 /* BFGoogleTranslator.m */,
				5115951410C19356001E60A8 /* BFTranslator.h */,
				518CEFF81128AB6000658FB0 /* BFLanguage.h */,
				518CEFF91128AB6000658FB0 /* BFLanguage.m */,
				51679404118A252B00A96627 /* BFHTTPInvoker.h */,
				51679405118A252B00A96627 /* BFDefaultHTTPInvoker.m */,
				516797E6118C956400A96627 /* BFDefaultHTTPInvoker.h */,
				516798DD118C9A3100A96627 /* NSString+BFGoogleTranslateEncoder.h */,
				516798DE118C9A3100A96627 /* NSString+BFGoogleTranslateEncoder.m */,
			);
			name = Translator;
			sourceTree = "<group>";
		};
/* End PBXGroup section */

/* Begin PBXNativeTarget section */
		51679618118C759E00A96627 /* Babelfish - UnitTests */ = {
			isa = PBXNativeTarget;
			buildConfigurationList = 51679620118C75AB00A96627 /* Build configuration list for PBXNativeTarget "Babelfish - UnitTests" */;
			buildPhases = (
				51679615118C759E00A96627 /* Resources */,
				51679616118C759E00A96627 /* Sources */,
				51679617118C759E00A96627 /* Frameworks */,
				51679660118C762900A96627 /* CopyFiles */,
			);
			buildRules = (
			);
			dependencies = (
				5167961E118C75A500A96627 /* PBXTargetDependency */,
			);
			name = "Babelfish - UnitTests";
			productName = "Babelfish - UnitTests";
			productReference = 51679619118C759E00A96627 /* Babelfish - UnitTests.app */;
			productType = "com.apple.product-type.application";
		};
		8D1107260486CEB800E47090 /* Babelfish - App */ = {
			isa = PBXNativeTarget;
			buildConfigurationList = C01FCF4A08A954540054247B /* Build configuration list for PBXNativeTarget "Babelfish - App" */;
			buildPhases = (
				510A593810C1D4EF00088B20 /* ShellScript */,
				8D1107290486CEB800E47090 /* Resources */,
				8D11072C0486CEB800E47090 /* Sources */,
				8D11072E0486CEB800E47090 /* Frameworks */,
				514A6DB410DC18570039CE28 /* CopyFiles */,
			);
			buildRules = (
			);
			dependencies = (
			);
			name = "Babelfish - App";
			productInstallPath = "$(HOME)/Applications";
			productName = Babelfish;
			productReference = 8D1107320486CEB800E47090 /* Babelfish.app */;
			productType = "com.apple.product-type.application";
		};
/* End PBXNativeTarget section */

/* Begin PBXProject section */
		29B97313FDCFA39411CA2CEA /* Project object */ = {
			isa = PBXProject;
			buildConfigurationList = C01FCF4E08A954540054247B /* Build configuration list for PBXProject "Babelfish" */;
			compatibilityVersion = "Xcode 3.1";
			hasScannedForEncodings = 1;
			mainGroup = 29B97314FDCFA39411CA2CEA /* Babelfish */;
			projectDirPath = "";
			projectRoot = "";
			targets = (
				516797F5118C96B400A96627 /* Babelfish - All */,
				8D1107260486CEB800E47090 /* Babelfish - App */,
				51679618118C759E00A96627 /* Babelfish - UnitTests */,
			);
		};
/* End PBXProject section */

/* Begin PBXResourcesBuildPhase section */
		51679615118C759E00A96627 /* Resources */ = {
			isa = PBXResourcesBuildPhase;
			buildActionMask = 2147483647;
			files = (
			);
			runOnlyForDeploymentPostprocessing = 0;
		};
		8D1107290486CEB800E47090 /* Resources */ = {
			isa = PBXResourcesBuildPhase;
			buildActionMask = 2147483647;
			files = (
				8D11072B0486CEB800E47090 /* InfoPlist.strings in Resources */,
				1DDD58160DA1D0A300B32029 /* MainMenu.xib in Resources */,
				510A57C410C1B12F00088B20 /* Babelfish.icns in Resources */,
				510A5AD610C3344900088B20 /* Flags in Resources */,
				510A5B1110C33B5A00088B20 /* SupportedLanguages.plist in Resources */,
				51999EF9112A02F1008BAC42 /* TranslationWindow.xib in Resources */,
				5168A55511680813004C576A /* GoogleTranslateLogo.gif in Resources */,
				5168A6701168B547004C576A /* SwapIcon.png in Resources */,
				5168A907116BF5C3004C576A /* Credits.rtfd in Resources */,
			);
			runOnlyForDeploymentPostprocessing = 0;
		};
/* End PBXResourcesBuildPhase section */

/* Begin PBXShellScriptBuildPhase section */
		510A593810C1D4EF00088B20 /* ShellScript */ = {
			isa = PBXShellScriptBuildPhase;
			buildActionMask = 2147483647;
			files = (
			);
			inputPaths = (
			);
			outputPaths = (
			);
			runOnlyForDeploymentPostprocessing = 0;
			shellPath = /bin/sh;
			shellScript = "/usr/bin/awk '/BUILD_NUMBER/ {print $1 \" \" $2 \"\\t\" $3+1} !/BUILD_NUMBER/ {print $0}' $SRCROOT/version.h > $SRCROOT/version.h2\n/bin/mv $SRCROOT/version.h2 $SRCROOT/version.h";
		};
/* End PBXShellScriptBuildPhase section */

/* Begin PBXSourcesBuildPhase section */
		51679616118C759E00A96627 /* Sources */ = {
			isa = PBXSourcesBuildPhase;
			buildActionMask = 2147483647;
			files = (
				516797C1118C905200A96627 /* RegexKitLite.m in Sources */,
				516796A3118C780500A96627 /* BFTranslationWindowController.m in Sources */,
				516796A4118C780500A96627 /* BFGoogleTranslator.m in Sources */,
				516796A5118C780500A96627 /* NSObject+SBJSON.m in Sources */,
				516796A6118C780500A96627 /* NSString+SBJSON.m in Sources */,
				516796A7118C780500A96627 /* SBJSON.m in Sources */,
				516796A8118C780500A96627 /* SBJsonBase.m in Sources */,
				516796A9118C780500A96627 /* SBJsonParser.m in Sources */,
				516796AA118C780500A96627 /* SBJsonWriter.m in Sources */,
				516796AB118C780500A96627 /* BFTranslateTextOperation.m in Sources */,
				516796AC118C780500A96627 /* BFLanguage.m in Sources */,
				516796AD118C780500A96627 /* BFAppController.m in Sources */,
				516796AE118C780500A96627 /* BFTranslationWindowModel.m in Sources */,
				516796AF118C780500A96627 /* NSString+URLEncode.m in Sources */,
				51679667118C766400A96627 /* BFGoogleTranslatorTest.m in Sources */,
				51679663118C764E00A96627 /* GHUnitTestMain.m in Sources */,
				516796B0118C780500A96627 /* BFDefaultHTTPInvoker.m in Sources */,
				516798E0118C9A3100A96627 /* NSString+BFGoogleTranslateEncoder.m in Sources */,
				516798E5118CA0E900A96627 /* NSString+BFGoogleTranslateEncoderTest.m in Sources */,
			);
			runOnlyForDeploymentPostprocessing = 0;
		};
		8D11072C0486CEB800E47090 /* Sources */ = {
			isa = PBXSourcesBuildPhase;
			buildActionMask = 2147483647;
			files = (
				516797C0118C903B00A96627 /* RegexKitLite.m in Sources */,
				8D11072D0486CEB800E47090 /* main.m in Sources */,
				5115951510C19356001E60A8 /* BFTranslationWindowController.m in Sources */,
				5115951610C19356001E60A8 /* BFGoogleTranslator.m in Sources */,
				510A588F10C1BC6D00088B20 /* NSObject+SBJSON.m in Sources */,
				510A589010C1BC6D00088B20 /* NSString+SBJSON.m in Sources */,
				510A589110C1BC6D00088B20 /* SBJSON.m in Sources */,
				510A589210C1BC6D00088B20 /* SBJsonBase.m in Sources */,
				510A589310C1BC6D00088B20 /* SBJsonParser.m in Sources */,
				510A589410C1BC6D00088B20 /* SBJsonWriter.m in Sources */,
				510A5A0B10C3136200088B20 /* BFTranslateTextOperation.m in Sources */,
				518CEFFA1128AB6000658FB0 /* BFLanguage.m in Sources */,
				51999F14112A0729008BAC42 /* BFAppController.m in Sources */,
				512192C7115E95EB00150E9E /* BFTranslationWindowModel.m in Sources */,
				51679391118A1E7300A96627 /* NSString+URLEncode.m in Sources */,
				51679406118A252B00A96627 /* BFDefaultHTTPInvoker.m in Sources */,
				516798DF118C9A3100A96627 /* NSString+BFGoogleTranslateEncoder.m in Sources */,
			);
			runOnlyForDeploymentPostprocessing = 0;
		};
/* End PBXSourcesBuildPhase section */

/* Begin PBXTargetDependency section */
		5167961E118C75A500A96627 /* PBXTargetDependency */ = {
			isa = PBXTargetDependency;
			target = 8D1107260486CEB800E47090 /* Babelfish - App */;
			targetProxy = 5167961D118C75A500A96627 /* PBXContainerItemProxy */;
		};
		516797F9118C96C000A96627 /* PBXTargetDependency */ = {
			isa = PBXTargetDependency;
			target = 8D1107260486CEB800E47090 /* Babelfish - App */;
			targetProxy = 516797F8118C96C000A96627 /* PBXContainerItemProxy */;
		};
		516797FB118C96C000A96627 /* PBXTargetDependency */ = {
			isa = PBXTargetDependency;
			target = 51679618118C759E00A96627 /* Babelfish - UnitTests */;
			targetProxy = 516797FA118C96C000A96627 /* PBXContainerItemProxy */;
		};
/* End PBXTargetDependency section */

/* Begin PBXVariantGroup section */
		089C165CFE840E0CC02AAC07 /* InfoPlist.strings */ = {
			isa = PBXVariantGroup;
			children = (
				089C165DFE840E0CC02AAC07 /* English */,
			);
			name = InfoPlist.strings;
			sourceTree = "<group>";
		};
		1DDD58140DA1D0A300B32029 /* MainMenu.xib */ = {
			isa = PBXVariantGroup;
			children = (
				1DDD58150DA1D0A300B32029 /* English */,
			);
			name = MainMenu.xib;
			sourceTree = "<group>";
		};
/* End PBXVariantGroup section */

/* Begin XCBuildConfiguration section */
		5167961B118C759F00A96627 /* Debug */ = {
			isa = XCBuildConfiguration;
			buildSettings = {
				ALWAYS_SEARCH_USER_PATHS = NO;
				COPY_PHASE_STRIP = NO;
				FRAMEWORK_SEARCH_PATHS = (
					"$(inherited)",
					"\"$(SRCROOT)/../../../../Development/objc/GHUnit_OCMock/src/build/Release\"",
					"\"$(SRCROOT)\"",
					"\"$(SRCROOT)/../../../../Development/objc/PLBlocks\"",
				);
				GCC_DYNAMIC_NO_PIC = NO;
				GCC_ENABLE_FIX_AND_CONTINUE = YES;
				GCC_MODEL_TUNING = G5;
				GCC_OPTIMIZATION_LEVEL = 0;
				GCC_PRECOMPILE_PREFIX_HEADER = YES;
				GCC_PREFIX_HEADER = "$(SYSTEM_LIBRARY_DIR)/Frameworks/AppKit.framework/Headers/AppKit.h";
				INFOPLIST_FILE = "Babelfish - UnitTests-Info.plist";
				INSTALL_PATH = "$(HOME)/Applications";
				LD_RUNPATH_SEARCH_PATHS = "@loader_path/../Frameworks";
				OTHER_LDFLAGS = (
					"-framework",
					Foundation,
					"-framework",
					AppKit,
					"-licucore",
				);
				PREBINDING = NO;
				PRODUCT_NAME = "Babelfish - UnitTests";
			};
			name = Debug;
		};
		5167961C118C759F00A96627 /* Release */ = {
			isa = XCBuildConfiguration;
			buildSettings = {
				ALWAYS_SEARCH_USER_PATHS = NO;
				COPY_PHASE_STRIP = YES;
				DEBUG_INFORMATION_FORMAT = "dwarf-with-dsym";
				FRAMEWORK_SEARCH_PATHS = (
					"$(inherited)",
					"\"$(SRCROOT)/../../../../Development/objc/GHUnit_OCMock/src/build/Release\"",
					"\"$(SRCROOT)\"",
					"\"$(SRCROOT)/../../../../Development/objc/PLBlocks\"",
				);
				GCC_ENABLE_FIX_AND_CONTINUE = NO;
				GCC_MODEL_TUNING = G5;
				GCC_PRECOMPILE_PREFIX_HEADER = YES;
				GCC_PREFIX_HEADER = "$(SYSTEM_LIBRARY_DIR)/Frameworks/AppKit.framework/Headers/AppKit.h";
				INFOPLIST_FILE = "Babelfish - UnitTests-Info.plist";
				INSTALL_PATH = "$(HOME)/Applications";
				LD_RUNPATH_SEARCH_PATHS = "@loader_path/../Frameworks";
				OTHER_LDFLAGS = (
					"-framework",
					Foundation,
					"-framework",
					AppKit,
					"-licucore",
				);
				PREBINDING = NO;
				PRODUCT_NAME = "Babelfish - UnitTests";
				ZERO_LINK = NO;
			};
			name = Release;
		};
		516797F6118C96B400A96627 /* Debug */ = {
			isa = XCBuildConfiguration;
			buildSettings = {
				COPY_PHASE_STRIP = NO;
				GCC_DYNAMIC_NO_PIC = NO;
				GCC_OPTIMIZATION_LEVEL = 0;
				PRODUCT_NAME = "Babelfish - All";
			};
			name = Debug;
		};
		516797F7118C96B400A96627 /* Release */ = {
			isa = XCBuildConfiguration;
			buildSettings = {
				COPY_PHASE_STRIP = YES;
				DEBUG_INFORMATION_FORMAT = "dwarf-with-dsym";
				GCC_ENABLE_FIX_AND_CONTINUE = NO;
				PRODUCT_NAME = "Babelfish - All";
				ZERO_LINK = NO;
			};
			name = Release;
		};
		C01FCF4B08A954540054247B /* Debug */ = {
			isa = XCBuildConfiguration;
			buildSettings = {
				ALWAYS_SEARCH_USER_PATHS = NO;
				COPY_PHASE_STRIP = NO;
				FRAMEWORK_SEARCH_PATHS = (
					"$(inherited)",
					"\"$(SRCROOT)/../../../Library/Frameworks\"",
					"\"$(SRCROOT)/../../objc/BGHUDAppKit/build/Release\"",
					"\"$(SRCROOT)/../../../../Development/objc/BGHUDAppKit/build/Release\"",
					"\"$(SRCROOT)/../../../../Development/objc/GHUnit_OCMock/src/build/Release\"",
					"\"$(SRCROOT)\"",
					"\"$(SRCROOT)/../../../../Development/objc/PLBlocks\"",
				);
				GCC_DYNAMIC_NO_PIC = NO;
				GCC_ENABLE_FIX_AND_CONTINUE = YES;
				GCC_MODEL_TUNING = G5;
				GCC_OPTIMIZATION_LEVEL = 0;
				GCC_PRECOMPILE_PREFIX_HEADER = YES;
				GCC_PREFIX_HEADER = Babelfish_Prefix.pch;
				INFOPLIST_FILE = Info.plist;
				INSTALL_PATH = "$(HOME)/Applications";
				LD_RUNPATH_SEARCH_PATHS = "@loader_path/../Frameworks";
				OTHER_CFLAGS = (
					"-DCOUNT_REQUESTS",
					"-DRKL_BLOCKS=1",
				);
				OTHER_LDFLAGS = "-licucore";
				PRODUCT_NAME = Babelfish;
			};
			name = Debug;
		};
		C01FCF4C08A954540054247B /* Release */ = {
			isa = XCBuildConfiguration;
			buildSettings = {
				ALWAYS_SEARCH_USER_PATHS = NO;
				DEBUG_INFORMATION_FORMAT = "dwarf-with-dsym";
				FRAMEWORK_SEARCH_PATHS = (
					"$(inherited)",
					"\"$(SRCROOT)/../../../Library/Frameworks\"",
					"\"$(SRCROOT)/../../objc/BGHUDAppKit/build/Release\"",
					"\"$(SRCROOT)/../../../../Development/objc/BGHUDAppKit/build/Release\"",
					"\"$(SRCROOT)/../../../../Development/objc/GHUnit_OCMock/src/build/Release\"",
					"\"$(SRCROOT)\"",
					"\"$(SRCROOT)/../../../../Development/objc/PLBlocks\"",
				);
				GCC_MODEL_TUNING = G5;
				GCC_PRECOMPILE_PREFIX_HEADER = YES;
				GCC_PREFIX_HEADER = Babelfish_Prefix.pch;
				INFOPLIST_FILE = Info.plist;
				INSTALL_PATH = "$(HOME)/Applications";
				LD_RUNPATH_SEARCH_PATHS = "@loader_path/../Frameworks";
				OTHER_CFLAGS = (
					"-DNDEBUG",
					"-DRKL_BLOCKS=1",
				);
				OTHER_LDFLAGS = "-licucore";
				PRODUCT_NAME = Babelfish;
			};
			name = Release;
		};
		C01FCF4F08A954540054247B /* Debug */ = {
			isa = XCBuildConfiguration;
			buildSettings = {
				ARCHS = "$(ARCHS_STANDARD_32_BIT)";
				GCC_C_LANGUAGE_STANDARD = c99;
				GCC_OPTIMIZATION_LEVEL = 0;
				GCC_VERSION = coop.plausible.blocks.compilers.gcc.4_2;
				GCC_WARN_ABOUT_RETURN_TYPE = YES;
				GCC_WARN_UNUSED_VARIABLE = YES;
				ONLY_ACTIVE_ARCH = YES;
				OTHER_CFLAGS = "-DRKL_BLOCKS=1";
				PREBINDING = NO;
				SDKROOT = macosx10.5;
				SYMROOT = build;
			};
			name = Debug;
		};
		C01FCF5008A954540054247B /* Release */ = {
			isa = XCBuildConfiguration;
			buildSettings = {
				ARCHS = "$(ARCHS_STANDARD_32_BIT)";
				GCC_C_LANGUAGE_STANDARD = c99;
				GCC_VERSION = coop.plausible.blocks.compilers.gcc.4_2;
				GCC_WARN_ABOUT_RETURN_TYPE = YES;
				GCC_WARN_UNUSED_VARIABLE = YES;
				OTHER_CFLAGS = "-DRKL_BLOCKS=1";
				PREBINDING = NO;
				SDKROOT = macosx10.5;
				SYMROOT = build;
			};
			name = Release;
		};
/* End XCBuildConfiguration section */

/* Begin XCConfigurationList section */
		51679620118C75AB00A96627 /* Build configuration list for PBXNativeTarget "Babelfish - UnitTests" */ = {
			isa = XCConfigurationList;
			buildConfigurations = (
				5167961B118C759F00A96627 /* Debug */,
				5167961C118C759F00A96627 /* Release */,
			);
			defaultConfigurationIsVisible = 0;
			defaultConfigurationName = Release;
		};
		516797FD118C96DE00A96627 /* Build configuration list for PBXAggregateTarget "Babelfish - All" */ = {
			isa = XCConfigurationList;
			buildConfigurations = (
				516797F6118C96B400A96627 /* Debug */,
				516797F7118C96B400A96627 /* Release */,
			);
			defaultConfigurationIsVisible = 0;
			defaultConfigurationName = Release;
		};
		C01FCF4A08A954540054247B /* Build configuration list for PBXNativeTarget "Babelfish - App" */ = {
			isa = XCConfigurationList;
			buildConfigurations = (
				C01FCF4B08A954540054247B /* Debug */,
				C01FCF4C08A954540054247B /* Release */,
			);
			defaultConfigurationIsVisible = 0;
			defaultConfigurationName = Release;
		};
		C01FCF4E08A954540054247B /* Build configuration list for PBXProject "Babelfish" */ = {
			isa = XCConfigurationList;
			buildConfigurations = (
				C01FCF4F08A954540054247B /* Debug */,
				C01FCF5008A954540054247B /* Release */,
			);
			defaultConfigurationIsVisible = 0;
			defaultConfigurationName = Release;
		};
/* End XCConfigurationList section */
	};
	rootObject = 29B97313FDCFA39411CA2CEA /* Project object */;
}
