// !$*UTF8*$!
{
	archiveVersion = 1;
	classes = {
	};
	objectVersion = 45;
	objects = {

/* Begin PBXBuildFile section */
		1DDD58160DA1D0A300B32029 /* MainMenu.xib in Resources */ = {isa = PBXBuildFile; fileRef = 1DDD58140DA1D0A300B32029 /* MainMenu.xib */; };
		510A57C410C1B12F00088B20 /* Babelfish.icns in Resources */ = {isa = PBXBuildFile; fileRef = 510A57C310C1B12F00088B20 /* Babelfish.icns */; };
		510A588F10C1BC6D00088B20 /* NSObject+SBJSON.m in Sources */ = {isa = PBXBuildFile; fileRef = 510A588410C1BC6D00088B20 /* NSObject+SBJSON.m */; };
		510A589010C1BC6D00088B20 /* NSString+SBJSON.m in Sources */ = {isa = PBXBuildFile; fileRef = 510A588610C1BC6D00088B20 /* NSString+SBJSON.m */; };
		510A589110C1BC6D00088B20 /* SBJSON.m in Sources */ = {isa = PBXBuildFile; fileRef = 510A588810C1BC6D00088B20 /* SBJSON.m */; };
		510A589210C1BC6D00088B20 /* SBJsonBase.m in Sources */ = {isa = PBXBuildFile; fileRef = 510A588A10C1BC6D00088B20 /* SBJsonBase.m */; };
		510A589310C1BC6D00088B20 /* SBJsonParser.m in Sources */ = {isa = PBXBuildFile; fileRef = 510A588C10C1BC6D00088B20 /* SBJsonParser.m */; };
		510A589410C1BC6D00088B20 /* SBJsonWriter.m in Sources */ = {isa = PBXBuildFile; fileRef = 510A588E10C1BC6D00088B20 /* SBJsonWriter.m */; };
		510A5A0B10C3136200088B20 /* TranslateTextOperation.m in Sources */ = {isa = PBXBuildFile; fileRef = 510A5A0A10C3136200088B20 /* TranslateTextOperation.m */; };
		510A5AD610C3344900088B20 /* Flags in Resources */ = {isa = PBXBuildFile; fileRef = 510A5AA010C3344900088B20 /* Flags */; };
		510A5B0E10C334A600088B20 /* LanguageManager.m in Sources */ = {isa = PBXBuildFile; fileRef = 510A5B0D10C334A600088B20 /* LanguageManager.m */; };
		510A5B1110C33B5A00088B20 /* SupportedLanguages.plist in Resources */ = {isa = PBXBuildFile; fileRef = 510A5B1010C33B5A00088B20 /* SupportedLanguages.plist */; };
		510A5B2A10C3406400088B20 /* SupportedLanguages.plist in Resources */ = {isa = PBXBuildFile; fileRef = 510A5B1010C33B5A00088B20 /* SupportedLanguages.plist */; };
		510A5B2B10C3406F00088B20 /* Flags in Resources */ = {isa = PBXBuildFile; fileRef = 510A5AA010C3344900088B20 /* Flags */; };
		510A5B2C10C3407B00088B20 /* LanguageManager.m in Sources */ = {isa = PBXBuildFile; fileRef = 510A5B0D10C334A600088B20 /* LanguageManager.m */; };
		510A5B2F10C3408400088B20 /* Cocoa.framework in Frameworks */ = {isa = PBXBuildFile; fileRef = 1058C7A1FEA54F0111CA2CBB /* Cocoa.framework */; };
		510A5B3210C3409D00088B20 /* LanguageManagerTest.m in Sources */ = {isa = PBXBuildFile; fileRef = 510A5B3110C3409D00088B20 /* LanguageManagerTest.m */; };
		510A5CB710C5CA9F00088B20 /* GoogleTranslatorTest.m in Sources */ = {isa = PBXBuildFile; fileRef = 510A5CB610C5CA9F00088B20 /* GoogleTranslatorTest.m */; };
		510A5CB810C5CAA800088B20 /* GoogleTranslator.m in Sources */ = {isa = PBXBuildFile; fileRef = 5115950510C19356001E60A8 /* GoogleTranslator.m */; };
		510A5CBC10C5CAC600088B20 /* NSObject+SBJSON.m in Sources */ = {isa = PBXBuildFile; fileRef = 510A588410C1BC6D00088B20 /* NSObject+SBJSON.m */; };
		510A5CBE10C5CAC600088B20 /* NSString+SBJSON.m in Sources */ = {isa = PBXBuildFile; fileRef = 510A588610C1BC6D00088B20 /* NSString+SBJSON.m */; };
		510A5CC010C5CAC600088B20 /* SBJSON.m in Sources */ = {isa = PBXBuildFile; fileRef = 510A588810C1BC6D00088B20 /* SBJSON.m */; };
		510A5CC210C5CAC600088B20 /* SBJsonBase.m in Sources */ = {isa = PBXBuildFile; fileRef = 510A588A10C1BC6D00088B20 /* SBJsonBase.m */; };
		510A5CC410C5CAC600088B20 /* SBJsonParser.m in Sources */ = {isa = PBXBuildFile; fileRef = 510A588C10C1BC6D00088B20 /* SBJsonParser.m */; };
		510A5CC610C5CAC600088B20 /* SBJsonWriter.m in Sources */ = {isa = PBXBuildFile; fileRef = 510A588E10C1BC6D00088B20 /* SBJsonWriter.m */; };
		5115951510C19356001E60A8 /* TranslationWindowController.m in Sources */ = {isa = PBXBuildFile; fileRef = 5115950310C19356001E60A8 /* TranslationWindowController.m */; };
		5115951610C19356001E60A8 /* GoogleTranslator.m in Sources */ = {isa = PBXBuildFile; fileRef = 5115950510C19356001E60A8 /* GoogleTranslator.m */; };
		512192C7115E95EB00150E9E /* BFTranslationWindowModel.m in Sources */ = {isa = PBXBuildFile; fileRef = 512192C6115E95EB00150E9E /* BFTranslationWindowModel.m */; };
		514A6DA910DC17050039CE28 /* BGHUDAppKit.framework in Frameworks */ = {isa = PBXBuildFile; fileRef = 514A6DA810DC17050039CE28 /* BGHUDAppKit.framework */; };
		514A6DB510DC18610039CE28 /* BGHUDAppKit.framework in CopyFiles */ = {isa = PBXBuildFile; fileRef = 514A6DA810DC17050039CE28 /* BGHUDAppKit.framework */; };
		5168A55511680813004C576A /* GoogleTranslateLogo.gif in Resources */ = {isa = PBXBuildFile; fileRef = 5168A55411680813004C576A /* GoogleTranslateLogo.gif */; };
		518CEFFA1128AB6000658FB0 /* Language.m in Sources */ = {isa = PBXBuildFile; fileRef = 518CEFF91128AB6000658FB0 /* Language.m */; };
		518CF0011128AC3700658FB0 /* RatedLanguage.m in Sources */ = {isa = PBXBuildFile; fileRef = 518CF0001128AC3700658FB0 /* RatedLanguage.m */; };
		51999EF9112A02F1008BAC42 /* TranslationWindow.xib in Resources */ = {isa = PBXBuildFile; fileRef = 51999EF8112A02F1008BAC42 /* TranslationWindow.xib */; };
		51999F14112A0729008BAC42 /* AppController.m in Sources */ = {isa = PBXBuildFile; fileRef = 51999F13112A0729008BAC42 /* AppController.m */; };
		8D11072B0486CEB800E47090 /* InfoPlist.strings in Resources */ = {isa = PBXBuildFile; fileRef = 089C165CFE840E0CC02AAC07 /* InfoPlist.strings */; };
		8D11072D0486CEB800E47090 /* main.m in Sources */ = {isa = PBXBuildFile; fileRef = 29B97316FDCFA39411CA2CEA /* main.m */; settings = {ATTRIBUTES = (); }; };
		8D11072F0486CEB800E47090 /* Cocoa.framework in Frameworks */ = {isa = PBXBuildFile; fileRef = 1058C7A1FEA54F0111CA2CBB /* Cocoa.framework */; };
/* End PBXBuildFile section */

/* Begin PBXCopyFilesBuildPhase section */
		514A6DB410DC18570039CE28 /* CopyFiles */ = {
			isa = PBXCopyFilesBuildPhase;
			buildActionMask = 2147483647;
			dstPath = "";
			dstSubfolderSpec = 10;
			files = (
				514A6DB510DC18610039CE28 /* BGHUDAppKit.framework in CopyFiles */,
			);
			runOnlyForDeploymentPostprocessing = 0;
		};
/* End PBXCopyFilesBuildPhase section */

/* Begin PBXFileReference section */
		089C165DFE840E0CC02AAC07 /* English */ = {isa = PBXFileReference; fileEncoding = 10; lastKnownFileType = text.plist.strings; name = English; path = English.lproj/InfoPlist.strings; sourceTree = "<group>"; };
		1058C7A1FEA54F0111CA2CBB /* Cocoa.framework */ = {isa = PBXFileReference; lastKnownFileType = wrapper.framework; name = Cocoa.framework; path = /System/Library/Frameworks/Cocoa.framework; sourceTree = "<absolute>"; };
		13E42FB307B3F0F600E4EEF1 /* CoreData.framework */ = {isa = PBXFileReference; lastKnownFileType = wrapper.framework; name = CoreData.framework; path = /System/Library/Frameworks/CoreData.framework; sourceTree = "<absolute>"; };
		1DDD58150DA1D0A300B32029 /* English */ = {isa = PBXFileReference; lastKnownFileType = file.xib; name = English; path = English.lproj/MainMenu.xib; sourceTree = "<group>"; };
		29B97316FDCFA39411CA2CEA /* main.m */ = {isa = PBXFileReference; fileEncoding = 4; lastKnownFileType = sourcecode.c.objc; path = main.m; sourceTree = "<group>"; };
		29B97324FDCFA39411CA2CEA /* AppKit.framework */ = {isa = PBXFileReference; lastKnownFileType = wrapper.framework; name = AppKit.framework; path = /System/Library/Frameworks/AppKit.framework; sourceTree = "<absolute>"; };
		29B97325FDCFA39411CA2CEA /* Foundation.framework */ = {isa = PBXFileReference; lastKnownFileType = wrapper.framework; name = Foundation.framework; path = /System/Library/Frameworks/Foundation.framework; sourceTree = "<absolute>"; };
		32CA4F630368D1EE00C91783 /* Babelfish_Prefix.pch */ = {isa = PBXFileReference; fileEncoding = 4; lastKnownFileType = sourcecode.c.h; path = Babelfish_Prefix.pch; sourceTree = "<group>"; };
		510A57C310C1B12F00088B20 /* Babelfish.icns */ = {isa = PBXFileReference; lastKnownFileType = image.icns; path = Babelfish.icns; sourceTree = "<group>"; };
		510A588210C1BC6D00088B20 /* JSON.h */ = {isa = PBXFileReference; fileEncoding = 4; lastKnownFileType = sourcecode.c.h; path = JSON.h; sourceTree = "<group>"; };
		510A588310C1BC6D00088B20 /* NSObject+SBJSON.h */ = {isa = PBXFileReference; fileEncoding = 4; lastKnownFileType = sourcecode.c.h; path = "NSObject+SBJSON.h"; sourceTree = "<group>"; };
		510A588410C1BC6D00088B20 /* NSObject+SBJSON.m */ = {isa = PBXFileReference; fileEncoding = 4; lastKnownFileType = sourcecode.c.objc; path = "NSObject+SBJSON.m"; sourceTree = "<group>"; };
		510A588510C1BC6D00088B20 /* NSString+SBJSON.h */ = {isa = PBXFileReference; fileEncoding = 4; lastKnownFileType = sourcecode.c.h; path = "NSString+SBJSON.h"; sourceTree = "<group>"; };
		510A588610C1BC6D00088B20 /* NSString+SBJSON.m */ = {isa = PBXFileReference; fileEncoding = 4; lastKnownFileType = sourcecode.c.objc; path = "NSString+SBJSON.m"; sourceTree = "<group>"; };
		510A588710C1BC6D00088B20 /* SBJSON.h */ = {isa = PBXFileReference; fileEncoding = 4; lastKnownFileType = sourcecode.c.h; path = SBJSON.h; sourceTree = "<group>"; };
		510A588810C1BC6D00088B20 /* SBJSON.m */ = {isa = PBXFileReference; fileEncoding = 4; lastKnownFileType = sourcecode.c.objc; path = SBJSON.m; sourceTree = "<group>"; };
		510A588910C1BC6D00088B20 /* SBJsonBase.h */ = {isa = PBXFileReference; fileEncoding = 4; lastKnownFileType = sourcecode.c.h; path = SBJsonBase.h; sourceTree = "<group>"; };
		510A588A10C1BC6D00088B20 /* SBJsonBase.m */ = {isa = PBXFileReference; fileEncoding = 4; lastKnownFileType = sourcecode.c.objc; path = SBJsonBase.m; sourceTree = "<group>"; };
		510A588B10C1BC6D00088B20 /* SBJsonParser.h */ = {isa = PBXFileReference; fileEncoding = 4; lastKnownFileType = sourcecode.c.h; path = SBJsonParser.h; sourceTree = "<group>"; };
		510A588C10C1BC6D00088B20 /* SBJsonParser.m */ = {isa = PBXFileReference; fileEncoding = 4; lastKnownFileType = sourcecode.c.objc; path = SBJsonParser.m; sourceTree = "<group>"; };
		510A588D10C1BC6D00088B20 /* SBJsonWriter.h */ = {isa = PBXFileReference; fileEncoding = 4; lastKnownFileType = sourcecode.c.h; path = SBJsonWriter.h; sourceTree = "<group>"; };
		510A588E10C1BC6D00088B20 /* SBJsonWriter.m */ = {isa = PBXFileReference; fileEncoding = 4; lastKnownFileType = sourcecode.c.objc; path = SBJsonWriter.m; sourceTree = "<group>"; };
		510A593610C1D48A00088B20 /* version.h */ = {isa = PBXFileReference; fileEncoding = 4; lastKnownFileType = sourcecode.c.h; path = version.h; sourceTree = "<group>"; };
		510A5A0910C3136200088B20 /* TranslateTextOperation.h */ = {isa = PBXFileReference; fileEncoding = 4; lastKnownFileType = sourcecode.c.h; path = TranslateTextOperation.h; sourceTree = "<group>"; };
		510A5A0A10C3136200088B20 /* TranslateTextOperation.m */ = {isa = PBXFileReference; fileEncoding = 4; lastKnownFileType = sourcecode.c.objc; path = TranslateTextOperation.m; sourceTree = "<group>"; };
		510A5AA010C3344900088B20 /* Flags */ = {isa = PBXFileReference; lastKnownFileType = folder; path = Flags; sourceTree = "<group>"; };
		510A5B0C10C334A600088B20 /* LanguageManager.h */ = {isa = PBXFileReference; fileEncoding = 4; lastKnownFileType = sourcecode.c.h; path = LanguageManager.h; sourceTree = "<group>"; };
		510A5B0D10C334A600088B20 /* LanguageManager.m */ = {isa = PBXFileReference; fileEncoding = 4; lastKnownFileType = sourcecode.c.objc; path = LanguageManager.m; sourceTree = "<group>"; };
		510A5B1010C33B5A00088B20 /* SupportedLanguages.plist */ = {isa = PBXFileReference; fileEncoding = 4; lastKnownFileType = text.plist.xml; path = SupportedLanguages.plist; sourceTree = "<group>"; };
		510A5B2310C3403700088B20 /* Babelfish-Tests.octest */ = {isa = PBXFileReference; explicitFileType = wrapper.cfbundle; includeInIndex = 0; path = "Babelfish-Tests.octest"; sourceTree = BUILT_PRODUCTS_DIR; };
		510A5B2410C3403700088B20 /* Babelfish-Tests-Info.plist */ = {isa = PBXFileReference; lastKnownFileType = text.plist.xml; path = "Babelfish-Tests-Info.plist"; sourceTree = "<group>"; };
		510A5B3010C3409D00088B20 /* LanguageManagerTest.h */ = {isa = PBXFileReference; fileEncoding = 4; lastKnownFileType = sourcecode.c.h; path = LanguageManagerTest.h; sourceTree = "<group>"; };
		510A5B3110C3409D00088B20 /* LanguageManagerTest.m */ = {isa = PBXFileReference; fileEncoding = 4; lastKnownFileType = sourcecode.c.objc; path = LanguageManagerTest.m; sourceTree = "<group>"; };
		510A5CB510C5CA9F00088B20 /* GoogleTranslatorTest.h */ = {isa = PBXFileReference; fileEncoding = 4; lastKnownFileType = sourcecode.c.h; path = GoogleTranslatorTest.h; sourceTree = "<group>"; };
		510A5CB610C5CA9F00088B20 /* GoogleTranslatorTest.m */ = {isa = PBXFileReference; fileEncoding = 4; lastKnownFileType = sourcecode.c.objc; path = GoogleTranslatorTest.m; sourceTree = "<group>"; };
		5115950210C19356001E60A8 /* TranslationWindowController.h */ = {isa = PBXFileReference; fileEncoding = 4; lastKnownFileType = sourcecode.c.h; path = TranslationWindowController.h; sourceTree = "<group>"; };
		5115950310C19356001E60A8 /* TranslationWindowController.m */ = {isa = PBXFileReference; fileEncoding = 4; lastKnownFileType = sourcecode.c.objc; path = TranslationWindowController.m; sourceTree = "<group>"; };
		5115950410C19356001E60A8 /* GoogleTranslator.h */ = {isa = PBXFileReference; fileEncoding = 4; lastKnownFileType = sourcecode.c.h; path = GoogleTranslator.h; sourceTree = "<group>"; };
		5115950510C19356001E60A8 /* GoogleTranslator.m */ = {isa = PBXFileReference; fileEncoding = 4; lastKnownFileType = sourcecode.c.objc; path = GoogleTranslator.m; sourceTree = "<group>"; };
		5115951410C19356001E60A8 /* Translator.h */ = {isa = PBXFileReference; fileEncoding = 4; lastKnownFileType = sourcecode.c.h; path = Translator.h; sourceTree = "<group>"; };
		512192C5115E95EB00150E9E /* BFTranslationWindowModel.h */ = {isa = PBXFileReference; fileEncoding = 4; lastKnownFileType = sourcecode.c.h; path = BFTranslationWindowModel.h; sourceTree = "<group>"; };
		512192C6115E95EB00150E9E /* BFTranslationWindowModel.m */ = {isa = PBXFileReference; fileEncoding = 4; lastKnownFileType = sourcecode.c.objc; path = BFTranslationWindowModel.m; sourceTree = "<group>"; };
		514A6DA810DC17050039CE28 /* BGHUDAppKit.framework */ = {isa = PBXFileReference; lastKnownFileType = wrapper.framework; name = BGHUDAppKit.framework; path = ../../../../Development/objc/BGHUDAppKit/build/Release/BGHUDAppKit.framework; sourceTree = SOURCE_ROOT; };
		5168A55411680813004C576A /* GoogleTranslateLogo.gif */ = {isa = PBXFileReference; lastKnownFileType = image.gif; path = GoogleTranslateLogo.gif; sourceTree = "<group>"; };
		518CEFF81128AB6000658FB0 /* Language.h */ = {isa = PBXFileReference; fileEncoding = 4; lastKnownFileType = sourcecode.c.h; path = Language.h; sourceTree = "<group>"; };
		518CEFF91128AB6000658FB0 /* Language.m */ = {isa = PBXFileReference; fileEncoding = 4; lastKnownFileType = sourcecode.c.objc; path = Language.m; sourceTree = "<group>"; };
		518CEFFF1128AC3700658FB0 /* RatedLanguage.h */ = {isa = PBXFileReference; fileEncoding = 4; lastKnownFileType = sourcecode.c.h; path = RatedLanguage.h; sourceTree = "<group>"; };
		518CF0001128AC3700658FB0 /* RatedLanguage.m */ = {isa = PBXFileReference; fileEncoding = 4; lastKnownFileType = sourcecode.c.objc; path = RatedLanguage.m; sourceTree = "<group>"; };
		51999EF8112A02F1008BAC42 /* TranslationWindow.xib */ = {isa = PBXFileReference; lastKnownFileType = file.xib; path = TranslationWindow.xib; sourceTree = "<group>"; };
		51999F12112A0729008BAC42 /* AppController.h */ = {isa = PBXFileReference; fileEncoding = 4; lastKnownFileType = sourcecode.c.h; path = AppController.h; sourceTree = "<group>"; };
		51999F13112A0729008BAC42 /* AppController.m */ = {isa = PBXFileReference; fileEncoding = 4; lastKnownFileType = sourcecode.c.objc; path = AppController.m; sourceTree = "<group>"; };
		8D1107310486CEB800E47090 /* Info.plist */ = {isa = PBXFileReference; fileEncoding = 4; lastKnownFileType = text.plist.xml; path = Info.plist; sourceTree = "<group>"; };
		8D1107320486CEB800E47090 /* Babelfish.app */ = {isa = PBXFileReference; explicitFileType = wrapper.application; includeInIndex = 0; path = Babelfish.app; sourceTree = BUILT_PRODUCTS_DIR; };
/* End PBXFileReference section */

/* Begin PBXFrameworksBuildPhase section */
		510A5B2010C3403700088B20 /* Frameworks */ = {
			isa = PBXFrameworksBuildPhase;
			buildActionMask = 2147483647;
			files = (
				510A5B2F10C3408400088B20 /* Cocoa.framework in Frameworks */,
			);
			runOnlyForDeploymentPostprocessing = 0;
		};
		8D11072E0486CEB800E47090 /* Frameworks */ = {
			isa = PBXFrameworksBuildPhase;
			buildActionMask = 2147483647;
			files = (
				8D11072F0486CEB800E47090 /* Cocoa.framework in Frameworks */,
				514A6DA910DC17050039CE28 /* BGHUDAppKit.framework in Frameworks */,
			);
			runOnlyForDeploymentPostprocessing = 0;
		};
/* End PBXFrameworksBuildPhase section */

/* Begin PBXGroup section */
		080E96DDFE201D6D7F000001 /* Classes */ = {
			isa = PBXGroup;
			children = (
				51999F0C112A0429008BAC42 /* Translator */,
				510A5B1B10C3401B00088B20 /* Unit Tests */,
				510A587B10C1BC5B00088B20 /* JSON */,
				51999F12112A0729008BAC42 /* AppController.h */,
				51999F13112A0729008BAC42 /* AppController.m */,
				512192C5115E95EB00150E9E /* BFTranslationWindowModel.h */,
				512192C6115E95EB00150E9E /* BFTranslationWindowModel.m */,
				5115950210C19356001E60A8 /* TranslationWindowController.h */,
				5115950310C19356001E60A8 /* TranslationWindowController.m */,
				510A593610C1D48A00088B20 /* version.h */,
				510A5A0910C3136200088B20 /* TranslateTextOperation.h */,
				510A5A0A10C3136200088B20 /* TranslateTextOperation.m */,
				518CEFFF1128AC3700658FB0 /* RatedLanguage.h */,
				518CF0001128AC3700658FB0 /* RatedLanguage.m */,
			);
			name = Classes;
			sourceTree = "<group>";
		};
		1058C7A0FEA54F0111CA2CBB /* Linked Frameworks */ = {
			isa = PBXGroup;
			children = (
				1058C7A1FEA54F0111CA2CBB /* Cocoa.framework */,
			);
			name = "Linked Frameworks";
			sourceTree = "<group>";
		};
		1058C7A2FEA54F0111CA2CBB /* Other Frameworks */ = {
			isa = PBXGroup;
			children = (
				29B97324FDCFA39411CA2CEA /* AppKit.framework */,
				13E42FB307B3F0F600E4EEF1 /* CoreData.framework */,
				29B97325FDCFA39411CA2CEA /* Foundation.framework */,
			);
			name = "Other Frameworks";
			sourceTree = "<group>";
		};
		19C28FACFE9D520D11CA2CBB /* Products */ = {
			isa = PBXGroup;
			children = (
				8D1107320486CEB800E47090 /* Babelfish.app */,
				510A5B2310C3403700088B20 /* Babelfish-Tests.octest */,
			);
			name = Products;
			sourceTree = "<group>";
		};
		29B97314FDCFA39411CA2CEA /* Babelfish */ = {
			isa = PBXGroup;
			children = (
				080E96DDFE201D6D7F000001 /* Classes */,
				29B97315FDCFA39411CA2CEA /* Other Sources */,
				29B97317FDCFA39411CA2CEA /* Resources */,
				29B97323FDCFA39411CA2CEA /* Frameworks */,
				19C28FACFE9D520D11CA2CBB /* Products */,
				510A5B2410C3403700088B20 /* Babelfish-Tests-Info.plist */,
			);
			name = Babelfish;
			sourceTree = "<group>";
		};
		29B97315FDCFA39411CA2CEA /* Other Sources */ = {
			isa = PBXGroup;
			children = (
				32CA4F630368D1EE00C91783 /* Babelfish_Prefix.pch */,
				29B97316FDCFA39411CA2CEA /* main.m */,
			);
			name = "Other Sources";
			sourceTree = "<group>";
		};
		29B97317FDCFA39411CA2CEA /* Resources */ = {
			isa = PBXGroup;
			children = (
				5168A55411680813004C576A /* GoogleTranslateLogo.gif */,
				51999EF8112A02F1008BAC42 /* TranslationWindow.xib */,
				510A5B1010C33B5A00088B20 /* SupportedLanguages.plist */,
				510A5AA010C3344900088B20 /* Flags */,
				510A57C310C1B12F00088B20 /* Babelfish.icns */,
				8D1107310486CEB800E47090 /* Info.plist */,
				089C165CFE840E0CC02AAC07 /* InfoPlist.strings */,
				1DDD58140DA1D0A300B32029 /* MainMenu.xib */,
			);
			name = Resources;
			sourceTree = "<group>";
		};
		29B97323FDCFA39411CA2CEA /* Frameworks */ = {
			isa = PBXGroup;
			children = (
				514A6DA810DC17050039CE28 /* BGHUDAppKit.framework */,
				1058C7A0FEA54F0111CA2CBB /* Linked Frameworks */,
				1058C7A2FEA54F0111CA2CBB /* Other Frameworks */,
			);
			name = Frameworks;
			sourceTree = "<group>";
		};
		510A587B10C1BC5B00088B20 /* JSON */ = {
			isa = PBXGroup;
			children = (
				510A588210C1BC6D00088B20 /* JSON.h */,
				510A588310C1BC6D00088B20 /* NSObject+SBJSON.h */,
				510A588410C1BC6D00088B20 /* NSObject+SBJSON.m */,
				510A588510C1BC6D00088B20 /* NSString+SBJSON.h */,
				510A588610C1BC6D00088B20 /* NSString+SBJSON.m */,
				510A588710C1BC6D00088B20 /* SBJSON.h */,
				510A588810C1BC6D00088B20 /* SBJSON.m */,
				510A588910C1BC6D00088B20 /* SBJsonBase.h */,
				510A588A10C1BC6D00088B20 /* SBJsonBase.m */,
				510A588B10C1BC6D00088B20 /* SBJsonParser.h */,
				510A588C10C1BC6D00088B20 /* SBJsonParser.m */,
				510A588D10C1BC6D00088B20 /* SBJsonWriter.h */,
				510A588E10C1BC6D00088B20 /* SBJsonWriter.m */,
			);
			name = JSON;
			sourceTree = "<group>";
		};
		510A5B1B10C3401B00088B20 /* Unit Tests */ = {
			isa = PBXGroup;
			children = (
				510A5CB510C5CA9F00088B20 /* GoogleTranslatorTest.h */,
				510A5CB610C5CA9F00088B20 /* GoogleTranslatorTest.m */,
				510A5B3010C3409D00088B20 /* LanguageManagerTest.h */,
				510A5B3110C3409D00088B20 /* LanguageManagerTest.m */,
			);
			name = "Unit Tests";
			sourceTree = "<group>";
		};
		51999F0C112A0429008BAC42 /* Translator */ = {
			isa = PBXGroup;
			children = (
				5115950410C19356001E60A8 /* GoogleTranslator.h */,
				5115950510C19356001E60A8 /* GoogleTranslator.m */,
				5115951410C19356001E60A8 /* Translator.h */,
				518CEFF81128AB6000658FB0 /* Language.h */,
				518CEFF91128AB6000658FB0 /* Language.m */,
				510A5B0C10C334A600088B20 /* LanguageManager.h */,
				510A5B0D10C334A600088B20 /* LanguageManager.m */,
			);
			name = Translator;
			sourceTree = "<group>";
		};
/* End PBXGroup section */

/* Begin PBXNativeTarget section */
		510A5B2210C3403700088B20 /* Babelfish-Tests */ = {
			isa = PBXNativeTarget;
			buildConfigurationList = 510A5B2710C3403800088B20 /* Build configuration list for PBXNativeTarget "Babelfish-Tests" */;
			buildPhases = (
				510A5B1E10C3403700088B20 /* Resources */,
				510A5B1F10C3403700088B20 /* Sources */,
				510A5B2010C3403700088B20 /* Frameworks */,
				510A5B2110C3403700088B20 /* ShellScript */,
			);
			buildRules = (
			);
			dependencies = (
			);
			name = "Babelfish-Tests";
			productName = "Babelfish-Tests";
			productReference = 510A5B2310C3403700088B20 /* Babelfish-Tests.octest */;
			productType = "com.apple.product-type.bundle";
		};
		8D1107260486CEB800E47090 /* Babelfish */ = {
			isa = PBXNativeTarget;
			buildConfigurationList = C01FCF4A08A954540054247B /* Build configuration list for PBXNativeTarget "Babelfish" */;
			buildPhases = (
				510A593810C1D4EF00088B20 /* ShellScript */,
				8D1107290486CEB800E47090 /* Resources */,
				8D11072C0486CEB800E47090 /* Sources */,
				8D11072E0486CEB800E47090 /* Frameworks */,
				514A6DB410DC18570039CE28 /* CopyFiles */,
			);
			buildRules = (
			);
			dependencies = (
			);
			name = Babelfish;
			productInstallPath = "$(HOME)/Applications";
			productName = Babelfish;
			productReference = 8D1107320486CEB800E47090 /* Babelfish.app */;
			productType = "com.apple.product-type.application";
		};
/* End PBXNativeTarget section */

/* Begin PBXProject section */
		29B97313FDCFA39411CA2CEA /* Project object */ = {
			isa = PBXProject;
			buildConfigurationList = C01FCF4E08A954540054247B /* Build configuration list for PBXProject "Babelfish" */;
			compatibilityVersion = "Xcode 3.1";
			hasScannedForEncodings = 1;
			mainGroup = 29B97314FDCFA39411CA2CEA /* Babelfish */;
			projectDirPath = "";
			projectRoot = "";
			targets = (
				8D1107260486CEB800E47090 /* Babelfish */,
				510A5B2210C3403700088B20 /* Babelfish-Tests */,
			);
		};
/* End PBXProject section */

/* Begin PBXResourcesBuildPhase section */
		510A5B1E10C3403700088B20 /* Resources */ = {
			isa = PBXResourcesBuildPhase;
			buildActionMask = 2147483647;
			files = (
				510A5B2B10C3406F00088B20 /* Flags in Resources */,
				510A5B2A10C3406400088B20 /* SupportedLanguages.plist in Resources */,
			);
			runOnlyForDeploymentPostprocessing = 0;
		};
		8D1107290486CEB800E47090 /* Resources */ = {
			isa = PBXResourcesBuildPhase;
			buildActionMask = 2147483647;
			files = (
				8D11072B0486CEB800E47090 /* InfoPlist.strings in Resources */,
				1DDD58160DA1D0A300B32029 /* MainMenu.xib in Resources */,
				510A57C410C1B12F00088B20 /* Babelfish.icns in Resources */,
				510A5AD610C3344900088B20 /* Flags in Resources */,
				510A5B1110C33B5A00088B20 /* SupportedLanguages.plist in Resources */,
				51999EF9112A02F1008BAC42 /* TranslationWindow.xib in Resources */,
				5168A55511680813004C576A /* GoogleTranslateLogo.gif in Resources */,
			);
			runOnlyForDeploymentPostprocessing = 0;
		};
/* End PBXResourcesBuildPhase section */

/* Begin PBXShellScriptBuildPhase section */
		510A593810C1D4EF00088B20 /* ShellScript */ = {
			isa = PBXShellScriptBuildPhase;
			buildActionMask = 2147483647;
			files = (
			);
			inputPaths = (
			);
			outputPaths = (
			);
			runOnlyForDeploymentPostprocessing = 0;
			shellPath = /bin/sh;
			shellScript = "/usr/bin/awk '/BUILD_NUMBER/ {print $1 \" \" $2 \"\\t\" $3+1} !/BUILD_NUMBER/ {print $0}' $SRCROOT/version.h > $SRCROOT/version.h2\n/bin/mv $SRCROOT/version.h2 $SRCROOT/version.h";
		};
		510A5B2110C3403700088B20 /* ShellScript */ = {
			isa = PBXShellScriptBuildPhase;
			buildActionMask = 2147483647;
			files = (
			);
			inputPaths = (
			);
			outputPaths = (
			);
			runOnlyForDeploymentPostprocessing = 0;
			shellPath = /bin/sh;
			shellScript = "# Run the unit tests in this test bundle.\n\"${SYSTEM_DEVELOPER_DIR}/Tools/RunUnitTests\"\n";
		};
/* End PBXShellScriptBuildPhase section */

/* Begin PBXSourcesBuildPhase section */
		510A5B1F10C3403700088B20 /* Sources */ = {
			isa = PBXSourcesBuildPhase;
			buildActionMask = 2147483647;
			files = (
				510A5CBC10C5CAC600088B20 /* NSObject+SBJSON.m in Sources */,
				510A5CBE10C5CAC600088B20 /* NSString+SBJSON.m in Sources */,
				510A5CC010C5CAC600088B20 /* SBJSON.m in Sources */,
				510A5CC210C5CAC600088B20 /* SBJsonBase.m in Sources */,
				510A5CC410C5CAC600088B20 /* SBJsonParser.m in Sources */,
				510A5CC610C5CAC600088B20 /* SBJsonWriter.m in Sources */,
				510A5CB810C5CAA800088B20 /* GoogleTranslator.m in Sources */,
				510A5B3210C3409D00088B20 /* LanguageManagerTest.m in Sources */,
				510A5B2C10C3407B00088B20 /* LanguageManager.m in Sources */,
				510A5CB710C5CA9F00088B20 /* GoogleTranslatorTest.m in Sources */,
			);
			runOnlyForDeploymentPostprocessing = 0;
		};
		8D11072C0486CEB800E47090 /* Sources */ = {
			isa = PBXSourcesBuildPhase;
			buildActionMask = 2147483647;
			files = (
				8D11072D0486CEB800E47090 /* main.m in Sources */,
				5115951510C19356001E60A8 /* TranslationWindowController.m in Sources */,
				5115951610C19356001E60A8 /* GoogleTranslator.m in Sources */,
				510A588F10C1BC6D00088B20 /* NSObject+SBJSON.m in Sources */,
				510A589010C1BC6D00088B20 /* NSString+SBJSON.m in Sources */,
				510A589110C1BC6D00088B20 /* SBJSON.m in Sources */,
				510A589210C1BC6D00088B20 /* SBJsonBase.m in Sources */,
				510A589310C1BC6D00088B20 /* SBJsonParser.m in Sources */,
				510A589410C1BC6D00088B20 /* SBJsonWriter.m in Sources */,
				510A5A0B10C3136200088B20 /* TranslateTextOperation.m in Sources */,
				510A5B0E10C334A600088B20 /* LanguageManager.m in Sources */,
				518CEFFA1128AB6000658FB0 /* Language.m in Sources */,
				518CF0011128AC3700658FB0 /* RatedLanguage.m in Sources */,
				51999F14112A0729008BAC42 /* AppController.m in Sources */,
				512192C7115E95EB00150E9E /* BFTranslationWindowModel.m in Sources */,
			);
			runOnlyForDeploymentPostprocessing = 0;
		};
/* End PBXSourcesBuildPhase section */

/* Begin PBXVariantGroup section */
		089C165CFE840E0CC02AAC07 /* InfoPlist.strings */ = {
			isa = PBXVariantGroup;
			children = (
				089C165DFE840E0CC02AAC07 /* English */,
			);
			name = InfoPlist.strings;
			sourceTree = "<group>";
		};
		1DDD58140DA1D0A300B32029 /* MainMenu.xib */ = {
			isa = PBXVariantGroup;
			children = (
				1DDD58150DA1D0A300B32029 /* English */,
			);
			name = MainMenu.xib;
			sourceTree = "<group>";
		};
/* End PBXVariantGroup section */

/* Begin XCBuildConfiguration section */
		510A5B2510C3403800088B20 /* Debug */ = {
			isa = XCBuildConfiguration;
			buildSettings = {
				ALWAYS_SEARCH_USER_PATHS = NO;
				COPY_PHASE_STRIP = NO;
				FRAMEWORK_SEARCH_PATHS = "$(DEVELOPER_LIBRARY_DIR)/Frameworks";
				GCC_DYNAMIC_NO_PIC = NO;
				GCC_ENABLE_FIX_AND_CONTINUE = NO;
				GCC_ENABLE_OBJC_EXCEPTIONS = YES;
				GCC_MODEL_TUNING = G5;
				GCC_OPTIMIZATION_LEVEL = 0;
				GCC_PRECOMPILE_PREFIX_HEADER = YES;
				GCC_PREFIX_HEADER = "$(SYSTEM_LIBRARY_DIR)/Frameworks/Cocoa.framework/Headers/Cocoa.h";
				INFOPLIST_FILE = "Babelfish-Tests-Info.plist";
				INSTALL_PATH = "$(USER_LIBRARY_DIR)/Bundles";
				OTHER_LDFLAGS = (
					"-framework",
					Cocoa,
					"-framework",
					SenTestingKit,
				);
				PREBINDING = NO;
				PRODUCT_NAME = "Babelfish-Tests";
				WRAPPER_EXTENSION = octest;
			};
			name = Debug;
		};
		510A5B2610C3403800088B20 /* Release */ = {
			isa = XCBuildConfiguration;
			buildSettings = {
				ALWAYS_SEARCH_USER_PATHS = NO;
				COPY_PHASE_STRIP = YES;
				DEBUG_INFORMATION_FORMAT = "dwarf-with-dsym";
				FRAMEWORK_SEARCH_PATHS = "$(DEVELOPER_LIBRARY_DIR)/Frameworks";
				GCC_ENABLE_FIX_AND_CONTINUE = NO;
				GCC_ENABLE_OBJC_EXCEPTIONS = YES;
				GCC_MODEL_TUNING = G5;
				GCC_PRECOMPILE_PREFIX_HEADER = YES;
				GCC_PREFIX_HEADER = "$(SYSTEM_LIBRARY_DIR)/Frameworks/Cocoa.framework/Headers/Cocoa.h";
				INFOPLIST_FILE = "Babelfish-Tests-Info.plist";
				INSTALL_PATH = "$(USER_LIBRARY_DIR)/Bundles";
				OTHER_LDFLAGS = (
					"-framework",
					Cocoa,
					"-framework",
					SenTestingKit,
				);
				PREBINDING = NO;
				PRODUCT_NAME = "Babelfish-Tests";
				WRAPPER_EXTENSION = octest;
				ZERO_LINK = NO;
			};
			name = Release;
		};
		C01FCF4B08A954540054247B /* Debug */ = {
			isa = XCBuildConfiguration;
			buildSettings = {
				ALWAYS_SEARCH_USER_PATHS = NO;
				COPY_PHASE_STRIP = NO;
				FRAMEWORK_SEARCH_PATHS = (
					"$(inherited)",
					"\"$(SRCROOT)/../../../Library/Frameworks\"",
					"\"$(SRCROOT)/../../objc/BGHUDAppKit/build/Release\"",
					"\"$(SRCROOT)/../../../../Development/objc/BGHUDAppKit/build/Release\"",
				);
				GCC_DYNAMIC_NO_PIC = NO;
				GCC_ENABLE_FIX_AND_CONTINUE = YES;
				GCC_MODEL_TUNING = G5;
				GCC_OPTIMIZATION_LEVEL = 0;
				GCC_PRECOMPILE_PREFIX_HEADER = YES;
				GCC_PREFIX_HEADER = Babelfish_Prefix.pch;
				INFOPLIST_FILE = Info.plist;
				INSTALL_PATH = "$(HOME)/Applications";
				OTHER_CFLAGS = "";
				PRODUCT_NAME = Babelfish;
			};
			name = Debug;
		};
		C01FCF4C08A954540054247B /* Release */ = {
			isa = XCBuildConfiguration;
			buildSettings = {
				ALWAYS_SEARCH_USER_PATHS = NO;
				DEBUG_INFORMATION_FORMAT = "dwarf-with-dsym";
				FRAMEWORK_SEARCH_PATHS = (
					"$(inherited)",
					"\"$(SRCROOT)/../../../Library/Frameworks\"",
					"\"$(SRCROOT)/../../objc/BGHUDAppKit/build/Release\"",
					"\"$(SRCROOT)/../../../../Development/objc/BGHUDAppKit/build/Release\"",
				);
				GCC_MODEL_TUNING = G5;
				GCC_PRECOMPILE_PREFIX_HEADER = YES;
				GCC_PREFIX_HEADER = Babelfish_Prefix.pch;
				INFOPLIST_FILE = Info.plist;
				INSTALL_PATH = "$(HOME)/Applications";
				OTHER_CFLAGS = "-DNDEBUG";
				PRODUCT_NAME = Babelfish;
			};
			name = Release;
		};
		C01FCF4F08A954540054247B /* Debug */ = {
			isa = XCBuildConfiguration;
			buildSettings = {
				ARCHS = "$(ARCHS_STANDARD_32_BIT)";
				GCC_C_LANGUAGE_STANDARD = c99;
				GCC_OPTIMIZATION_LEVEL = 0;
				GCC_WARN_ABOUT_RETURN_TYPE = YES;
				GCC_WARN_UNUSED_VARIABLE = YES;
				ONLY_ACTIVE_ARCH = YES;
				PREBINDING = NO;
				SDKROOT = macosx10.5;
				SYMROOT = build;
			};
			name = Debug;
		};
		C01FCF5008A954540054247B /* Release */ = {
			isa = XCBuildConfiguration;
			buildSettings = {
				ARCHS = "$(ARCHS_STANDARD_32_BIT)";
				GCC_C_LANGUAGE_STANDARD = c99;
				GCC_WARN_ABOUT_RETURN_TYPE = YES;
				GCC_WARN_UNUSED_VARIABLE = YES;
				PREBINDING = NO;
				SDKROOT = macosx10.5;
				SYMROOT = build;
			};
			name = Release;
		};
/* End XCBuildConfiguration section */

/* Begin XCConfigurationList section */
		510A5B2710C3403800088B20 /* Build configuration list for PBXNativeTarget "Babelfish-Tests" */ = {
			isa = XCConfigurationList;
			buildConfigurations = (
				510A5B2510C3403800088B20 /* Debug */,
				510A5B2610C3403800088B20 /* Release */,
			);
			defaultConfigurationIsVisible = 0;
			defaultConfigurationName = Release;
		};
		C01FCF4A08A954540054247B /* Build configuration list for PBXNativeTarget "Babelfish" */ = {
			isa = XCConfigurationList;
			buildConfigurations = (
				C01FCF4B08A954540054247B /* Debug */,
				C01FCF4C08A954540054247B /* Release */,
			);
			defaultConfigurationIsVisible = 0;
			defaultConfigurationName = Release;
		};
		C01FCF4E08A954540054247B /* Build configuration list for PBXProject "Babelfish" */ = {
			isa = XCConfigurationList;
			buildConfigurations = (
				C01FCF4F08A954540054247B /* Debug */,
				C01FCF5008A954540054247B /* Release */,
			);
			defaultConfigurationIsVisible = 0;
			defaultConfigurationName = Release;
		};
/* End XCConfigurationList section */
	};
	rootObject = 29B97313FDCFA39411CA2CEA /* Project object */;
}
